// !$*UTF8*$!
{
	archiveVersion = 1;
	classes = {
	};
	objectVersion = 46;
	objects = {

/* Begin PBXBuildFile section */
		7D09CC3A1BBFF78C003B8BF6 /* GTPin.swift in Sources */ = {isa = PBXBuildFile; fileRef = 7D09CC391BBFF78C003B8BF6 /* GTPin.swift */; };
		7D09CC3E1BC0EA65003B8BF6 /* Line.swift in Sources */ = {isa = PBXBuildFile; fileRef = 7D09CC3D1BC0EA65003B8BF6 /* Line.swift */; };
		7D1651821BA3FF0D00A6E73D /* AppDelegate.swift in Sources */ = {isa = PBXBuildFile; fileRef = 7D1651811BA3FF0D00A6E73D /* AppDelegate.swift */; };
		7D1651841BA3FF0D00A6E73D /* MapViewController.swift in Sources */ = {isa = PBXBuildFile; fileRef = 7D1651831BA3FF0D00A6E73D /* MapViewController.swift */; };
		7D1651871BA3FF0D00A6E73D /* Main.storyboard in Resources */ = {isa = PBXBuildFile; fileRef = 7D1651851BA3FF0D00A6E73D /* Main.storyboard */; };
		7D1651891BA3FF0D00A6E73D /* Assets.xcassets in Resources */ = {isa = PBXBuildFile; fileRef = 7D1651881BA3FF0D00A6E73D /* Assets.xcassets */; };
		7D16518C1BA3FF0D00A6E73D /* LaunchScreen.storyboard in Resources */ = {isa = PBXBuildFile; fileRef = 7D16518A1BA3FF0D00A6E73D /* LaunchScreen.storyboard */; };
		7D1651941BA4016100A6E73D /* MapKit.framework in Frameworks */ = {isa = PBXBuildFile; fileRef = 7D1651931BA4016100A6E73D /* MapKit.framework */; };
		7D1651971BA4060B00A6E73D /* CoreLocation.framework in Frameworks */ = {isa = PBXBuildFile; fileRef = 7D1651961BA4060B00A6E73D /* CoreLocation.framework */; };
		7D1651991BA41A4400A6E73D /* FileListViewController.swift in Sources */ = {isa = PBXBuildFile; fileRef = 7D1651981BA41A4400A6E73D /* FileListViewController.swift */; };
		7D1651BB1BA45CD300A6E73D /* Const.swift in Sources */ = {isa = PBXBuildFile; fileRef = 7D1651BA1BA45CD300A6E73D /* Const.swift */; };
		7D71A8191C00AC9A00BFF62A /* GPXParser.swift in Sources */ = {isa = PBXBuildFile; fileRef = 7D71A8181C00AC9A00BFF62A /* GPXParser.swift */; };
		7D71A81B1C00ACA900BFF62A /* TCXParser.swift in Sources */ = {isa = PBXBuildFile; fileRef = 7D71A81A1C00ACA900BFF62A /* TCXParser.swift */; };
		7D71A81D1C00ACB300BFF62A /* KMLParser.swift in Sources */ = {isa = PBXBuildFile; fileRef = 7D71A81C1C00ACB300BFF62A /* KMLParser.swift */; };
		7D71A81F1C00ACE600BFF62A /* Parser.swift in Sources */ = {isa = PBXBuildFile; fileRef = 7D71A81E1C00ACE600BFF62A /* Parser.swift */; };
		7DD5CCF61BD2946300BCAB69 /* GTPolyLine.swift in Sources */ = {isa = PBXBuildFile; fileRef = 7DD5CCF51BD2946300BCAB69 /* GTPolyLine.swift */; };
		7DD5CCFA1BD3486800BCAB69 /* samples in Resources */ = {isa = PBXBuildFile; fileRef = 7DD5CCF91BD3486800BCAB69 /* samples */; };
		F18F392800EAEF063A6F5FCD /* Pods_GPXTracker2.framework in Frameworks */ = {isa = PBXBuildFile; fileRef = A65C3D881443BBA45EAC34FA /* Pods_GPXTracker2.framework */; };
/* End PBXBuildFile section */

/* Begin PBXFileReference section */
		09C6F4772E26EC3D34AE9834 /* Pods.framework */ = {isa = PBXFileReference; explicitFileType = wrapper.framework; includeInIndex = 0; path = Pods.framework; sourceTree = BUILT_PRODUCTS_DIR; };
		17DBFA0F9565D349935C5913 /* Pods-GPXTracker2.release.xcconfig */ = {isa = PBXFileReference; includeInIndex = 1; lastKnownFileType = text.xcconfig; name = "Pods-GPXTracker2.release.xcconfig"; path = "Pods/Target Support Files/Pods-GPXTracker2/Pods-GPXTracker2.release.xcconfig"; sourceTree = "<group>"; };
		7D09CC391BBFF78C003B8BF6 /* GTPin.swift */ = {isa = PBXFileReference; fileEncoding = 4; lastKnownFileType = sourcecode.swift; path = GTPin.swift; sourceTree = "<group>"; };
		7D09CC3D1BC0EA65003B8BF6 /* Line.swift */ = {isa = PBXFileReference; fileEncoding = 4; lastKnownFileType = sourcecode.swift; path = Line.swift; sourceTree = "<group>"; };
		7D16517E1BA3FF0D00A6E73D /* GPXTracker2.app */ = {isa = PBXFileReference; explicitFileType = wrapper.application; includeInIndex = 0; path = GPXTracker2.app; sourceTree = BUILT_PRODUCTS_DIR; };
		7D1651811BA3FF0D00A6E73D /* AppDelegate.swift */ = {isa = PBXFileReference; lastKnownFileType = sourcecode.swift; path = AppDelegate.swift; sourceTree = "<group>"; };
		7D1651831BA3FF0D00A6E73D /* MapViewController.swift */ = {isa = PBXFileReference; lastKnownFileType = sourcecode.swift; path = MapViewController.swift; sourceTree = "<group>"; };
		7D1651861BA3FF0D00A6E73D /* Base */ = {isa = PBXFileReference; lastKnownFileType = file.storyboard; name = Base; path = Base.lproj/Main.storyboard; sourceTree = "<group>"; };
		7D1651881BA3FF0D00A6E73D /* Assets.xcassets */ = {isa = PBXFileReference; lastKnownFileType = folder.assetcatalog; path = Assets.xcassets; sourceTree = "<group>"; };
		7D16518B1BA3FF0D00A6E73D /* Base */ = {isa = PBXFileReference; lastKnownFileType = file.storyboard; name = Base; path = Base.lproj/LaunchScreen.storyboard; sourceTree = "<group>"; };
		7D16518D1BA3FF0D00A6E73D /* Info.plist */ = {isa = PBXFileReference; lastKnownFileType = text.plist.xml; path = Info.plist; sourceTree = "<group>"; };
		7D1651931BA4016100A6E73D /* MapKit.framework */ = {isa = PBXFileReference; lastKnownFileType = wrapper.framework; name = MapKit.framework; path = System/Library/Frameworks/MapKit.framework; sourceTree = SDKROOT; };
		7D1651961BA4060B00A6E73D /* CoreLocation.framework */ = {isa = PBXFileReference; lastKnownFileType = wrapper.framework; name = CoreLocation.framework; path = System/Library/Frameworks/CoreLocation.framework; sourceTree = SDKROOT; };
		7D1651981BA41A4400A6E73D /* FileListViewController.swift */ = {isa = PBXFileReference; fileEncoding = 4; lastKnownFileType = sourcecode.swift; path = FileListViewController.swift; sourceTree = "<group>"; };
		7D1651BA1BA45CD300A6E73D /* Const.swift */ = {isa = PBXFileReference; fileEncoding = 4; lastKnownFileType = sourcecode.swift; path = Const.swift; sourceTree = "<group>"; };
		7D71A8181C00AC9A00BFF62A /* GPXParser.swift */ = {isa = PBXFileReference; fileEncoding = 4; lastKnownFileType = sourcecode.swift; path = GPXParser.swift; sourceTree = "<group>"; };
		7D71A81A1C00ACA900BFF62A /* TCXParser.swift */ = {isa = PBXFileReference; fileEncoding = 4; lastKnownFileType = sourcecode.swift; path = TCXParser.swift; sourceTree = "<group>"; };
		7D71A81C1C00ACB300BFF62A /* KMLParser.swift */ = {isa = PBXFileReference; fileEncoding = 4; lastKnownFileType = sourcecode.swift; path = KMLParser.swift; sourceTree = "<group>"; };
		7D71A81E1C00ACE600BFF62A /* Parser.swift */ = {isa = PBXFileReference; fileEncoding = 4; lastKnownFileType = sourcecode.swift; path = Parser.swift; sourceTree = "<group>"; };
		7DD5CCF51BD2946300BCAB69 /* GTPolyLine.swift */ = {isa = PBXFileReference; fileEncoding = 4; lastKnownFileType = sourcecode.swift; path = GTPolyLine.swift; sourceTree = "<group>"; };
		7DD5CCF91BD3486800BCAB69 /* samples */ = {isa = PBXFileReference; lastKnownFileType = folder; name = samples; path = ../../samples; sourceTree = "<group>"; };
		A65C3D881443BBA45EAC34FA /* Pods_GPXTracker2.framework */ = {isa = PBXFileReference; explicitFileType = wrapper.framework; includeInIndex = 0; path = Pods_GPXTracker2.framework; sourceTree = BUILT_PRODUCTS_DIR; };
		E0767966E32D469CA8B635CF /* Pods-GPXTracker2.debug.xcconfig */ = {isa = PBXFileReference; includeInIndex = 1; lastKnownFileType = text.xcconfig; name = "Pods-GPXTracker2.debug.xcconfig"; path = "Pods/Target Support Files/Pods-GPXTracker2/Pods-GPXTracker2.debug.xcconfig"; sourceTree = "<group>"; };
/* End PBXFileReference section */

/* Begin PBXFrameworksBuildPhase section */
		7D16517B1BA3FF0D00A6E73D /* Frameworks */ = {
			isa = PBXFrameworksBuildPhase;
			buildActionMask = 2147483647;
			files = (
				7D1651971BA4060B00A6E73D /* CoreLocation.framework in Frameworks */,
				7D1651941BA4016100A6E73D /* MapKit.framework in Frameworks */,
				F18F392800EAEF063A6F5FCD /* Pods_GPXTracker2.framework in Frameworks */,
			);
			runOnlyForDeploymentPostprocessing = 0;
		};
/* End PBXFrameworksBuildPhase section */

/* Begin PBXGroup section */
		7D09CC381BBFF764003B8BF6 /* models */ = {
			isa = PBXGroup;
			children = (
				7D09CC3D1BC0EA65003B8BF6 /* Line.swift */,
			);
			name = models;
			sourceTree = "<group>";
		};
		7D1651751BA3FF0D00A6E73D = {
			isa = PBXGroup;
			children = (
				7D1651801BA3FF0D00A6E73D /* GPXTracker2 */,
				7D1651951BA4016800A6E73D /* Frameworks */,
				7D16517F1BA3FF0D00A6E73D /* Products */,
				B7F82331E3B2DD8EC49E605B /* Pods */,
			);
			sourceTree = "<group>";
		};
		7D16517F1BA3FF0D00A6E73D /* Products */ = {
			isa = PBXGroup;
			children = (
				7D16517E1BA3FF0D00A6E73D /* GPXTracker2.app */,
			);
			name = Products;
			sourceTree = "<group>";
		};
		7D1651801BA3FF0D00A6E73D /* GPXTracker2 */ = {
			isa = PBXGroup;
			children = (
				7DD5CCF91BD3486800BCAB69 /* samples */,
				7DD5CCF71BD297A100BCAB69 /* map_view_items */,
				7D09CC381BBFF764003B8BF6 /* models */,
				7D71A8171C00AA6800BFF62A /* parser */,
				7D1651811BA3FF0D00A6E73D /* AppDelegate.swift */,
				7D1651831BA3FF0D00A6E73D /* MapViewController.swift */,
				7D1651981BA41A4400A6E73D /* FileListViewController.swift */,
				7D1651BA1BA45CD300A6E73D /* Const.swift */,
				7D1651851BA3FF0D00A6E73D /* Main.storyboard */,
				7D1651881BA3FF0D00A6E73D /* Assets.xcassets */,
				7D16518A1BA3FF0D00A6E73D /* LaunchScreen.storyboard */,
				7D16518D1BA3FF0D00A6E73D /* Info.plist */,
			);
			path = GPXTracker2;
			sourceTree = "<group>";
		};
		7D1651951BA4016800A6E73D /* Frameworks */ = {
			isa = PBXGroup;
			children = (
				7D1651961BA4060B00A6E73D /* CoreLocation.framework */,
				7D1651931BA4016100A6E73D /* MapKit.framework */,
				09C6F4772E26EC3D34AE9834 /* Pods.framework */,
				A65C3D881443BBA45EAC34FA /* Pods_GPXTracker2.framework */,
			);
			name = Frameworks;
			sourceTree = "<group>";
		};
		7D71A8171C00AA6800BFF62A /* parser */ = {
			isa = PBXGroup;
			children = (
				7D71A81E1C00ACE600BFF62A /* Parser.swift */,
				7D71A8181C00AC9A00BFF62A /* GPXParser.swift */,
				7D71A81A1C00ACA900BFF62A /* TCXParser.swift */,
				7D71A81C1C00ACB300BFF62A /* KMLParser.swift */,
			);
			name = parser;
			sourceTree = "<group>";
		};
		7DD5CCF71BD297A100BCAB69 /* map_view_items */ = {
			isa = PBXGroup;
			children = (
				7D09CC391BBFF78C003B8BF6 /* GTPin.swift */,
				7DD5CCF51BD2946300BCAB69 /* GTPolyLine.swift */,
			);
			name = map_view_items;
			sourceTree = "<group>";
		};
		B7F82331E3B2DD8EC49E605B /* Pods */ = {
			isa = PBXGroup;
			children = (
				E0767966E32D469CA8B635CF /* Pods-GPXTracker2.debug.xcconfig */,
				17DBFA0F9565D349935C5913 /* Pods-GPXTracker2.release.xcconfig */,
			);
			name = Pods;
			sourceTree = "<group>";
		};
/* End PBXGroup section */

/* Begin PBXNativeTarget section */
		7D16517D1BA3FF0D00A6E73D /* GPXTracker2 */ = {
			isa = PBXNativeTarget;
			buildConfigurationList = 7D1651901BA3FF0D00A6E73D /* Build configuration list for PBXNativeTarget "GPXTracker2" */;
			buildPhases = (
				3277B1A6E8AD3276D8F57872 /* [CP] Check Pods Manifest.lock */,
				7D16517A1BA3FF0D00A6E73D /* Sources */,
				7D16517B1BA3FF0D00A6E73D /* Frameworks */,
				7D16517C1BA3FF0D00A6E73D /* Resources */,
				810080F4A384646790B83A46 /* [CP] Embed Pods Frameworks */,
				FC150CB196D6024D17963C77 /* [CP] Copy Pods Resources */,
			);
			buildRules = (
			);
			dependencies = (
			);
			name = GPXTracker2;
			productName = GPXTracker2;
			productReference = 7D16517E1BA3FF0D00A6E73D /* GPXTracker2.app */;
			productType = "com.apple.product-type.application";
		};
/* End PBXNativeTarget section */

/* Begin PBXProject section */
		7D1651761BA3FF0D00A6E73D /* Project object */ = {
			isa = PBXProject;
			attributes = {
				LastUpgradeCheck = 0820;
				ORGANIZATIONNAME = susemi99;
				TargetAttributes = {
					7D16517D1BA3FF0D00A6E73D = {
						CreatedOnToolsVersion = 7.0;
						DevelopmentTeam = 37DX6YRT9T;
						LastSwiftMigration = 0800;
					};
				};
			};
			buildConfigurationList = 7D1651791BA3FF0D00A6E73D /* Build configuration list for PBXProject "GPXTracker2" */;
			compatibilityVersion = "Xcode 3.2";
			developmentRegion = English;
			hasScannedForEncodings = 0;
			knownRegions = (
				en,
				Base,
			);
			mainGroup = 7D1651751BA3FF0D00A6E73D;
			productRefGroup = 7D16517F1BA3FF0D00A6E73D /* Products */;
			projectDirPath = "";
			projectRoot = "";
			targets = (
				7D16517D1BA3FF0D00A6E73D /* GPXTracker2 */,
			);
		};
/* End PBXProject section */

/* Begin PBXResourcesBuildPhase section */
		7D16517C1BA3FF0D00A6E73D /* Resources */ = {
			isa = PBXResourcesBuildPhase;
			buildActionMask = 2147483647;
			files = (
				7DD5CCFA1BD3486800BCAB69 /* samples in Resources */,
				7D16518C1BA3FF0D00A6E73D /* LaunchScreen.storyboard in Resources */,
				7D1651891BA3FF0D00A6E73D /* Assets.xcassets in Resources */,
				7D1651871BA3FF0D00A6E73D /* Main.storyboard in Resources */,
			);
			runOnlyForDeploymentPostprocessing = 0;
		};
/* End PBXResourcesBuildPhase section */

/* Begin PBXShellScriptBuildPhase section */
		3277B1A6E8AD3276D8F57872 /* [CP] Check Pods Manifest.lock */ = {
			isa = PBXShellScriptBuildPhase;
			buildActionMask = 2147483647;
			files = (
			);
			inputPaths = (
			);
			name = "[CP] Check Pods Manifest.lock";
			outputPaths = (
			);
			runOnlyForDeploymentPostprocessing = 0;
			shellPath = /bin/sh;
			shellScript = "diff \"${PODS_ROOT}/../Podfile.lock\" \"${PODS_ROOT}/Manifest.lock\" > /dev/null\nif [ $? != 0 ] ; then\n    # print error to STDERR\n    echo \"error: The sandbox is not in sync with the Podfile.lock. Run 'pod install' or update your CocoaPods installation.\" >&2\n    exit 1\nfi\n";
			showEnvVarsInLog = 0;
		};
		810080F4A384646790B83A46 /* [CP] Embed Pods Frameworks */ = {
			isa = PBXShellScriptBuildPhase;
			buildActionMask = 2147483647;
			files = (
			);
			inputPaths = (
			);
			name = "[CP] Embed Pods Frameworks";
			outputPaths = (
			);
			runOnlyForDeploymentPostprocessing = 0;
			shellPath = /bin/sh;
			shellScript = "\"${SRCROOT}/Pods/Target Support Files/Pods-GPXTracker2/Pods-GPXTracker2-frameworks.sh\"\n";
			showEnvVarsInLog = 0;
		};
		FC150CB196D6024D17963C77 /* [CP] Copy Pods Resources */ = {
			isa = PBXShellScriptBuildPhase;
			buildActionMask = 2147483647;
			files = (
			);
			inputPaths = (
			);
			name = "[CP] Copy Pods Resources";
			outputPaths = (
			);
			runOnlyForDeploymentPostprocessing = 0;
			shellPath = /bin/sh;
			shellScript = "\"${SRCROOT}/Pods/Target Support Files/Pods-GPXTracker2/Pods-GPXTracker2-resources.sh\"\n";
			showEnvVarsInLog = 0;
		};
/* End PBXShellScriptBuildPhase section */

/* Begin PBXSourcesBuildPhase section */
		7D16517A1BA3FF0D00A6E73D /* Sources */ = {
			isa = PBXSourcesBuildPhase;
			buildActionMask = 2147483647;
			files = (
				7D09CC3A1BBFF78C003B8BF6 /* GTPin.swift in Sources */,
				7D71A81F1C00ACE600BFF62A /* Parser.swift in Sources */,
				7DD5CCF61BD2946300BCAB69 /* GTPolyLine.swift in Sources */,
				7D1651841BA3FF0D00A6E73D /* MapViewController.swift in Sources */,
				7D1651BB1BA45CD300A6E73D /* Const.swift in Sources */,
				7D1651821BA3FF0D00A6E73D /* AppDelegate.swift in Sources */,
				7D09CC3E1BC0EA65003B8BF6 /* Line.swift in Sources */,
				7D71A8191C00AC9A00BFF62A /* GPXParser.swift in Sources */,
				7D71A81D1C00ACB300BFF62A /* KMLParser.swift in Sources */,
				7D71A81B1C00ACA900BFF62A /* TCXParser.swift in Sources */,
				7D1651991BA41A4400A6E73D /* FileListViewController.swift in Sources */,
			);
			runOnlyForDeploymentPostprocessing = 0;
		};
/* End PBXSourcesBuildPhase section */

/* Begin PBXVariantGroup section */
		7D1651851BA3FF0D00A6E73D /* Main.storyboard */ = {
			isa = PBXVariantGroup;
			children = (
				7D1651861BA3FF0D00A6E73D /* Base */,
			);
			name = Main.storyboard;
			sourceTree = "<group>";
		};
		7D16518A1BA3FF0D00A6E73D /* LaunchScreen.storyboard */ = {
			isa = PBXVariantGroup;
			children = (
				7D16518B1BA3FF0D00A6E73D /* Base */,
			);
			name = LaunchScreen.storyboard;
			sourceTree = "<group>";
		};
/* End PBXVariantGroup section */

/* Begin XCBuildConfiguration section */
		7D16518E1BA3FF0D00A6E73D /* Debug */ = {
			isa = XCBuildConfiguration;
			buildSettings = {
				ALWAYS_SEARCH_USER_PATHS = NO;
				CLANG_CXX_LANGUAGE_STANDARD = "gnu++0x";
				CLANG_CXX_LIBRARY = "libc++";
				CLANG_ENABLE_MODULES = YES;
				CLANG_ENABLE_OBJC_ARC = YES;
				CLANG_WARN_BOOL_CONVERSION = YES;
				CLANG_WARN_CONSTANT_CONVERSION = YES;
				CLANG_WARN_DIRECT_OBJC_ISA_USAGE = YES_ERROR;
				CLANG_WARN_EMPTY_BODY = YES;
				CLANG_WARN_ENUM_CONVERSION = YES;
				CLANG_WARN_INFINITE_RECURSION = YES;
				CLANG_WARN_INT_CONVERSION = YES;
				CLANG_WARN_OBJC_ROOT_CLASS = YES_ERROR;
				CLANG_WARN_SUSPICIOUS_MOVE = YES;
				CLANG_WARN_UNREACHABLE_CODE = YES;
				CLANG_WARN__DUPLICATE_METHOD_MATCH = YES;
				"CODE_SIGN_IDENTITY[sdk=iphoneos*]" = "iPhone Developer";
				COPY_PHASE_STRIP = NO;
				DEBUG_INFORMATION_FORMAT = dwarf;
				ENABLE_STRICT_OBJC_MSGSEND = YES;
				ENABLE_TESTABILITY = YES;
				GCC_C_LANGUAGE_STANDARD = gnu99;
				GCC_DYNAMIC_NO_PIC = NO;
				GCC_NO_COMMON_BLOCKS = YES;
				GCC_OPTIMIZATION_LEVEL = 0;
				GCC_PREPROCESSOR_DEFINITIONS = (
					"DEBUG=1",
					"$(inherited)",
				);
				GCC_WARN_64_TO_32_BIT_CONVERSION = YES;
				GCC_WARN_ABOUT_RETURN_TYPE = YES_ERROR;
				GCC_WARN_UNDECLARED_SELECTOR = YES;
				GCC_WARN_UNINITIALIZED_AUTOS = YES_AGGRESSIVE;
				GCC_WARN_UNUSED_FUNCTION = YES;
				GCC_WARN_UNUSED_VARIABLE = YES;
				IPHONEOS_DEPLOYMENT_TARGET = 10.0;
				MTL_ENABLE_DEBUG_INFO = YES;
				ONLY_ACTIVE_ARCH = YES;
				SDKROOT = iphoneos;
				SWIFT_OPTIMIZATION_LEVEL = "-Onone";
			};
			name = Debug;
		};
		7D16518F1BA3FF0D00A6E73D /* Release */ = {
			isa = XCBuildConfiguration;
			buildSettings = {
				ALWAYS_SEARCH_USER_PATHS = NO;
				CLANG_CXX_LANGUAGE_STANDARD = "gnu++0x";
				CLANG_CXX_LIBRARY = "libc++";
				CLANG_ENABLE_MODULES = YES;
				CLANG_ENABLE_OBJC_ARC = YES;
				CLANG_WARN_BOOL_CONVERSION = YES;
				CLANG_WARN_CONSTANT_CONVERSION = YES;
				CLANG_WARN_DIRECT_OBJC_ISA_USAGE = YES_ERROR;
				CLANG_WARN_EMPTY_BODY = YES;
				CLANG_WARN_ENUM_CONVERSION = YES;
				CLANG_WARN_INFINITE_RECURSION = YES;
				CLANG_WARN_INT_CONVERSION = YES;
				CLANG_WARN_OBJC_ROOT_CLASS = YES_ERROR;
				CLANG_WARN_SUSPICIOUS_MOVE = YES;
				CLANG_WARN_UNREACHABLE_CODE = YES;
				CLANG_WARN__DUPLICATE_METHOD_MATCH = YES;
				"CODE_SIGN_IDENTITY[sdk=iphoneos*]" = "iPhone Developer";
				COPY_PHASE_STRIP = NO;
				DEBUG_INFORMATION_FORMAT = "dwarf-with-dsym";
				ENABLE_NS_ASSERTIONS = NO;
				ENABLE_STRICT_OBJC_MSGSEND = YES;
				GCC_C_LANGUAGE_STANDARD = gnu99;
				GCC_NO_COMMON_BLOCKS = YES;
				GCC_WARN_64_TO_32_BIT_CONVERSION = YES;
				GCC_WARN_ABOUT_RETURN_TYPE = YES_ERROR;
				GCC_WARN_UNDECLARED_SELECTOR = YES;
				GCC_WARN_UNINITIALIZED_AUTOS = YES_AGGRESSIVE;
				GCC_WARN_UNUSED_FUNCTION = YES;
				GCC_WARN_UNUSED_VARIABLE = YES;
				IPHONEOS_DEPLOYMENT_TARGET = 10.0;
				MTL_ENABLE_DEBUG_INFO = NO;
				SDKROOT = iphoneos;
				SWIFT_OPTIMIZATION_LEVEL = "-Owholemodule";
				VALIDATE_PRODUCT = YES;
			};
			name = Release;
		};
		7D1651911BA3FF0D00A6E73D /* Debug */ = {
			isa = XCBuildConfiguration;
			baseConfigurationReference = E0767966E32D469CA8B635CF /* Pods-GPXTracker2.debug.xcconfig */;
			buildSettings = {
				ALWAYS_EMBED_SWIFT_STANDARD_LIBRARIES = YES;
				ASSETCATALOG_COMPILER_APPICON_NAME = AppIcon;
				CODE_SIGN_IDENTITY = "iPhone Developer";
				INFOPLIST_FILE = GPXTracker2/Info.plist;
				LD_RUNPATH_SEARCH_PATHS = "$(inherited) @executable_path/Frameworks";
				PRODUCT_BUNDLE_IDENTIFIER = net.chocobi.GPXiPhone;
				PRODUCT_NAME = "$(TARGET_NAME)";
				SWIFT_VERSION = 3.0;
				TARGETED_DEVICE_FAMILY = "1,2";
			};
			name = Debug;
		};
		7D1651921BA3FF0D00A6E73D /* Release */ = {
			isa = XCBuildConfiguration;
			baseConfigurationReference = 17DBFA0F9565D349935C5913 /* Pods-GPXTracker2.release.xcconfig */;
			buildSettings = {
				ALWAYS_EMBED_SWIFT_STANDARD_LIBRARIES = YES;
				ASSETCATALOG_COMPILER_APPICON_NAME = AppIcon;
				CODE_SIGN_IDENTITY = "iPhone Developer";
				INFOPLIST_FILE = GPXTracker2/Info.plist;
				LD_RUNPATH_SEARCH_PATHS = "$(inherited) @executable_path/Frameworks";
				PRODUCT_BUNDLE_IDENTIFIER = net.chocobi.GPXiPhone;
				PRODUCT_NAME = "$(TARGET_NAME)";
				SWIFT_VERSION = 3.0;
				TARGETED_DEVICE_FAMILY = "1,2";
			};
			name = Release;
		};
/* End XCBuildConfiguration section */

/* Begin XCConfigurationList section */
		7D1651791BA3FF0D00A6E73D /* Build configuration list for PBXProject "GPXTracker2" */ = {
			isa = XCConfigurationList;
			buildConfigurations = (
				7D16518E1BA3FF0D00A6E73D /* Debug */,
				7D16518F1BA3FF0D00A6E73D /* Release */,
			);
			defaultConfigurationIsVisible = 0;
			defaultConfigurationName = Release;
		};
		7D1651901BA3FF0D00A6E73D /* Build configuration list for PBXNativeTarget "GPXTracker2" */ = {
			isa = XCConfigurationList;
			buildConfigurations = (
				7D1651911BA3FF0D00A6E73D /* Debug */,
				7D1651921BA3FF0D00A6E73D /* Release */,
			);
			defaultConfigurationIsVisible = 0;
			defaultConfigurationName = Release;
		};
/* End XCConfigurationList section */
	};
	rootObject = 7D1651761BA3FF0D00A6E73D /* Project object */;
}
