// !$*UTF8*$!
{
	archiveVersion = 1;
	classes = {
	};
	objectVersion = 46;
	objects = {

/* Begin PBXBuildFile section */
		7D09CC3A1BBFF78C003B8BF6 /* ColorPin.swift in Sources */ = {isa = PBXBuildFile; fileRef = 7D09CC391BBFF78C003B8BF6 /* ColorPin.swift */; settings = {ASSET_TAGS = (); }; };
		7D09CC3C1BC0207C003B8BF6 /* ImagePin.swift in Sources */ = {isa = PBXBuildFile; fileRef = 7D09CC3B1BC0207C003B8BF6 /* ImagePin.swift */; settings = {ASSET_TAGS = (); }; };
		7D1651821BA3FF0D00A6E73D /* AppDelegate.swift in Sources */ = {isa = PBXBuildFile; fileRef = 7D1651811BA3FF0D00A6E73D /* AppDelegate.swift */; };
		7D1651841BA3FF0D00A6E73D /* MapViewController.swift in Sources */ = {isa = PBXBuildFile; fileRef = 7D1651831BA3FF0D00A6E73D /* MapViewController.swift */; };
		7D1651871BA3FF0D00A6E73D /* Main.storyboard in Resources */ = {isa = PBXBuildFile; fileRef = 7D1651851BA3FF0D00A6E73D /* Main.storyboard */; };
		7D1651891BA3FF0D00A6E73D /* Assets.xcassets in Resources */ = {isa = PBXBuildFile; fileRef = 7D1651881BA3FF0D00A6E73D /* Assets.xcassets */; };
		7D16518C1BA3FF0D00A6E73D /* LaunchScreen.storyboard in Resources */ = {isa = PBXBuildFile; fileRef = 7D16518A1BA3FF0D00A6E73D /* LaunchScreen.storyboard */; };
		7D1651941BA4016100A6E73D /* MapKit.framework in Frameworks */ = {isa = PBXBuildFile; fileRef = 7D1651931BA4016100A6E73D /* MapKit.framework */; };
		7D1651971BA4060B00A6E73D /* CoreLocation.framework in Frameworks */ = {isa = PBXBuildFile; fileRef = 7D1651961BA4060B00A6E73D /* CoreLocation.framework */; };
		7D1651991BA41A4400A6E73D /* FileListViewController.swift in Sources */ = {isa = PBXBuildFile; fileRef = 7D1651981BA41A4400A6E73D /* FileListViewController.swift */; settings = {ASSET_TAGS = (); }; };
		7D1651BB1BA45CD300A6E73D /* Const.swift in Sources */ = {isa = PBXBuildFile; fileRef = 7D1651BA1BA45CD300A6E73D /* Const.swift */; settings = {ASSET_TAGS = (); }; };
/* End PBXBuildFile section */

/* Begin PBXFileReference section */
		7D09CC391BBFF78C003B8BF6 /* ColorPin.swift */ = {isa = PBXFileReference; fileEncoding = 4; lastKnownFileType = sourcecode.swift; path = ColorPin.swift; sourceTree = "<group>"; };
		7D09CC3B1BC0207C003B8BF6 /* ImagePin.swift */ = {isa = PBXFileReference; fileEncoding = 4; lastKnownFileType = sourcecode.swift; path = ImagePin.swift; sourceTree = "<group>"; };
		7D16517E1BA3FF0D00A6E73D /* GPXTracker2.app */ = {isa = PBXFileReference; explicitFileType = wrapper.application; includeInIndex = 0; path = GPXTracker2.app; sourceTree = BUILT_PRODUCTS_DIR; };
		7D1651811BA3FF0D00A6E73D /* AppDelegate.swift */ = {isa = PBXFileReference; lastKnownFileType = sourcecode.swift; path = AppDelegate.swift; sourceTree = "<group>"; };
		7D1651831BA3FF0D00A6E73D /* MapViewController.swift */ = {isa = PBXFileReference; lastKnownFileType = sourcecode.swift; path = MapViewController.swift; sourceTree = "<group>"; };
		7D1651861BA3FF0D00A6E73D /* Base */ = {isa = PBXFileReference; lastKnownFileType = file.storyboard; name = Base; path = Base.lproj/Main.storyboard; sourceTree = "<group>"; };
		7D1651881BA3FF0D00A6E73D /* Assets.xcassets */ = {isa = PBXFileReference; lastKnownFileType = folder.assetcatalog; path = Assets.xcassets; sourceTree = "<group>"; };
		7D16518B1BA3FF0D00A6E73D /* Base */ = {isa = PBXFileReference; lastKnownFileType = file.storyboard; name = Base; path = Base.lproj/LaunchScreen.storyboard; sourceTree = "<group>"; };
		7D16518D1BA3FF0D00A6E73D /* Info.plist */ = {isa = PBXFileReference; lastKnownFileType = text.plist.xml; path = Info.plist; sourceTree = "<group>"; };
		7D1651931BA4016100A6E73D /* MapKit.framework */ = {isa = PBXFileReference; lastKnownFileType = wrapper.framework; name = MapKit.framework; path = System/Library/Frameworks/MapKit.framework; sourceTree = SDKROOT; };
		7D1651961BA4060B00A6E73D /* CoreLocation.framework */ = {isa = PBXFileReference; lastKnownFileType = wrapper.framework; name = CoreLocation.framework; path = System/Library/Frameworks/CoreLocation.framework; sourceTree = SDKROOT; };
		7D1651981BA41A4400A6E73D /* FileListViewController.swift */ = {isa = PBXFileReference; fileEncoding = 4; lastKnownFileType = sourcecode.swift; path = FileListViewController.swift; sourceTree = "<group>"; };
		7D1651BA1BA45CD300A6E73D /* Const.swift */ = {isa = PBXFileReference; fileEncoding = 4; lastKnownFileType = sourcecode.swift; path = Const.swift; sourceTree = "<group>"; };
/* End PBXFileReference section */

/* Begin PBXFrameworksBuildPhase section */
		7D16517B1BA3FF0D00A6E73D /* Frameworks */ = {
			isa = PBXFrameworksBuildPhase;
			buildActionMask = 2147483647;
			files = (
				7D1651971BA4060B00A6E73D /* CoreLocation.framework in Frameworks */,
				7D1651941BA4016100A6E73D /* MapKit.framework in Frameworks */,
			);
			runOnlyForDeploymentPostprocessing = 0;
		};
/* End PBXFrameworksBuildPhase section */

/* Begin PBXGroup section */
		7D09CC381BBFF764003B8BF6 /* models */ = {
			isa = PBXGroup;
			children = (
				7D09CC391BBFF78C003B8BF6 /* ColorPin.swift */,
				7D09CC3B1BC0207C003B8BF6 /* ImagePin.swift */,
			);
			name = models;
			sourceTree = "<group>";
		};
		7D1651751BA3FF0D00A6E73D = {
			isa = PBXGroup;
			children = (
				7D1651801BA3FF0D00A6E73D /* GPXTracker2 */,
				7D1651951BA4016800A6E73D /* Frameworks */,
				7D16517F1BA3FF0D00A6E73D /* Products */,
			);
			sourceTree = "<group>";
		};
		7D16517F1BA3FF0D00A6E73D /* Products */ = {
			isa = PBXGroup;
			children = (
				7D16517E1BA3FF0D00A6E73D /* GPXTracker2.app */,
			);
			name = Products;
			sourceTree = "<group>";
		};
		7D1651801BA3FF0D00A6E73D /* GPXTracker2 */ = {
			isa = PBXGroup;
			children = (
				7D09CC381BBFF764003B8BF6 /* models */,
				7D1651811BA3FF0D00A6E73D /* AppDelegate.swift */,
				7D1651831BA3FF0D00A6E73D /* MapViewController.swift */,
				7D1651981BA41A4400A6E73D /* FileListViewController.swift */,
				7D1651BA1BA45CD300A6E73D /* Const.swift */,
				7D1651851BA3FF0D00A6E73D /* Main.storyboard */,
				7D1651881BA3FF0D00A6E73D /* Assets.xcassets */,
				7D16518A1BA3FF0D00A6E73D /* LaunchScreen.storyboard */,
				7D16518D1BA3FF0D00A6E73D /* Info.plist */,
			);
			path = GPXTracker2;
			sourceTree = "<group>";
		};
		7D1651951BA4016800A6E73D /* Frameworks */ = {
			isa = PBXGroup;
			children = (
				7D1651961BA4060B00A6E73D /* CoreLocation.framework */,
				7D1651931BA4016100A6E73D /* MapKit.framework */,
			);
			name = Frameworks;
			sourceTree = "<group>";
		};
/* End PBXGroup section */

/* Begin PBXNativeTarget section */
		7D16517D1BA3FF0D00A6E73D /* GPXTracker2 */ = {
			isa = PBXNativeTarget;
			buildConfigurationList = 7D1651901BA3FF0D00A6E73D /* Build configuration list for PBXNativeTarget "GPXTracker2" */;
			buildPhases = (
				7D16517A1BA3FF0D00A6E73D /* Sources */,
				7D16517B1BA3FF0D00A6E73D /* Frameworks */,
				7D16517C1BA3FF0D00A6E73D /* Resources */,
			);
			buildRules = (
			);
			dependencies = (
			);
			name = GPXTracker2;
			productName = GPXTracker2;
			productReference = 7D16517E1BA3FF0D00A6E73D /* GPXTracker2.app */;
			productType = "com.apple.product-type.application";
		};
/* End PBXNativeTarget section */

/* Begin PBXProject section */
		7D1651761BA3FF0D00A6E73D /* Project object */ = {
			isa = PBXProject;
			attributes = {
				LastUpgradeCheck = 0700;
				ORGANIZATIONNAME = susemi99;
				TargetAttributes = {
					7D16517D1BA3FF0D00A6E73D = {
						CreatedOnToolsVersion = 7.0;
						DevelopmentTeam = 37DX6YRT9T;
					};
				};
			};
			buildConfigurationList = 7D1651791BA3FF0D00A6E73D /* Build configuration list for PBXProject "GPXTracker2" */;
			compatibilityVersion = "Xcode 3.2";
			developmentRegion = English;
			hasScannedForEncodings = 0;
			knownRegions = (
				en,
				Base,
			);
			mainGroup = 7D1651751BA3FF0D00A6E73D;
			productRefGroup = 7D16517F1BA3FF0D00A6E73D /* Products */;
			projectDirPath = "";
			projectRoot = "";
			targets = (
				7D16517D1BA3FF0D00A6E73D /* GPXTracker2 */,
			);
		};
/* End PBXProject section */

/* Begin PBXResourcesBuildPhase section */
		7D16517C1BA3FF0D00A6E73D /* Resources */ = {
			isa = PBXResourcesBuildPhase;
			buildActionMask = 2147483647;
			files = (
				7D16518C1BA3FF0D00A6E73D /* LaunchScreen.storyboard in Resources */,
				7D1651891BA3FF0D00A6E73D /* Assets.xcassets in Resources */,
				7D1651871BA3FF0D00A6E73D /* Main.storyboard in Resources */,
			);
			runOnlyForDeploymentPostprocessing = 0;
		};
/* End PBXResourcesBuildPhase section */

/* Begin PBXSourcesBuildPhase section */
		7D16517A1BA3FF0D00A6E73D /* Sources */ = {
			isa = PBXSourcesBuildPhase;
			buildActionMask = 2147483647;
			files = (
				7D09CC3C1BC0207C003B8BF6 /* ImagePin.swift in Sources */,
				7D09CC3A1BBFF78C003B8BF6 /* ColorPin.swift in Sources */,
				7D1651841BA3FF0D00A6E73D /* MapViewController.swift in Sources */,
				7D1651BB1BA45CD300A6E73D /* Const.swift in Sources */,
				7D1651821BA3FF0D00A6E73D /* AppDelegate.swift in Sources */,
				7D1651991BA41A4400A6E73D /* FileListViewController.swift in Sources */,
			);
			runOnlyForDeploymentPostprocessing = 0;
		};
/* End PBXSourcesBuildPhase section */

/* Begin PBXVariantGroup section */
		7D1651851BA3FF0D00A6E73D /* Main.storyboard */ = {
			isa = PBXVariantGroup;
			children = (
				7D1651861BA3FF0D00A6E73D /* Base */,
			);
			name = Main.storyboard;
			sourceTree = "<group>";
		};
		7D16518A1BA3FF0D00A6E73D /* LaunchScreen.storyboard */ = {
			isa = PBXVariantGroup;
			children = (
				7D16518B1BA3FF0D00A6E73D /* Base */,
			);
			name = LaunchScreen.storyboard;
			sourceTree = "<group>";
		};
/* End PBXVariantGroup section */

/* Begin XCBuildConfiguration section */
		7D16518E1BA3FF0D00A6E73D /* Debug */ = {
			isa = XCBuildConfiguration;
			buildSettings = {
				ALWAYS_SEARCH_USER_PATHS = NO;
				CLANG_CXX_LANGUAGE_STANDARD = "gnu++0x";
				CLANG_CXX_LIBRARY = "libc++";
				CLANG_ENABLE_MODULES = YES;
				CLANG_ENABLE_OBJC_ARC = YES;
				CLANG_WARN_BOOL_CONVERSION = YES;
				CLANG_WARN_CONSTANT_CONVERSION = YES;
				CLANG_WARN_DIRECT_OBJC_ISA_USAGE = YES_ERROR;
				CLANG_WARN_EMPTY_BODY = YES;
				CLANG_WARN_ENUM_CONVERSION = YES;
				CLANG_WARN_INT_CONVERSION = YES;
				CLANG_WARN_OBJC_ROOT_CLASS = YES_ERROR;
				CLANG_WARN_UNREACHABLE_CODE = YES;
				CLANG_WARN__DUPLICATE_METHOD_MATCH = YES;
				"CODE_SIGN_IDENTITY[sdk=iphoneos*]" = "iPhone Developer";
				COPY_PHASE_STRIP = NO;
				DEBUG_INFORMATION_FORMAT = dwarf;
				ENABLE_STRICT_OBJC_MSGSEND = YES;
				ENABLE_TESTABILITY = YES;
				GCC_C_LANGUAGE_STANDARD = gnu99;
				GCC_DYNAMIC_NO_PIC = NO;
				GCC_NO_COMMON_BLOCKS = YES;
				GCC_OPTIMIZATION_LEVEL = 0;
				GCC_PREPROCESSOR_DEFINITIONS = (
					"DEBUG=1",
					"$(inherited)",
				);
				GCC_WARN_64_TO_32_BIT_CONVERSION = YES;
				GCC_WARN_ABOUT_RETURN_TYPE = YES_ERROR;
				GCC_WARN_UNDECLARED_SELECTOR = YES;
				GCC_WARN_UNINITIALIZED_AUTOS = YES_AGGRESSIVE;
				GCC_WARN_UNUSED_FUNCTION = YES;
				GCC_WARN_UNUSED_VARIABLE = YES;
				IPHONEOS_DEPLOYMENT_TARGET = 9.0;
				MTL_ENABLE_DEBUG_INFO = YES;
				ONLY_ACTIVE_ARCH = YES;
				SDKROOT = iphoneos;
				SWIFT_OPTIMIZATION_LEVEL = "-Onone";
			};
			name = Debug;
		};
		7D16518F1BA3FF0D00A6E73D /* Release */ = {
			isa = XCBuildConfiguration;
			buildSettings = {
				ALWAYS_SEARCH_USER_PATHS = NO;
				CLANG_CXX_LANGUAGE_STANDARD = "gnu++0x";
				CLANG_CXX_LIBRARY = "libc++";
				CLANG_ENABLE_MODULES = YES;
				CLANG_ENABLE_OBJC_ARC = YES;
				CLANG_WARN_BOOL_CONVERSION = YES;
				CLANG_WARN_CONSTANT_CONVERSION = YES;
				CLANG_WARN_DIRECT_OBJC_ISA_USAGE = YES_ERROR;
				CLANG_WARN_EMPTY_BODY = YES;
				CLANG_WARN_ENUM_CONVERSION = YES;
				CLANG_WARN_INT_CONVERSION = YES;
				CLANG_WARN_OBJC_ROOT_CLASS = YES_ERROR;
				CLANG_WARN_UNREACHABLE_CODE = YES;
				CLANG_WARN__DUPLICATE_METHOD_MATCH = YES;
				"CODE_SIGN_IDENTITY[sdk=iphoneos*]" = "iPhone Developer";
				COPY_PHASE_STRIP = NO;
				DEBUG_INFORMATION_FORMAT = "dwarf-with-dsym";
				ENABLE_NS_ASSERTIONS = NO;
				ENABLE_STRICT_OBJC_MSGSEND = YES;
				GCC_C_LANGUAGE_STANDARD = gnu99;
				GCC_NO_COMMON_BLOCKS = YES;
				GCC_WARN_64_TO_32_BIT_CONVERSION = YES;
				GCC_WARN_ABOUT_RETURN_TYPE = YES_ERROR;
				GCC_WARN_UNDECLARED_SELECTOR = YES;
				GCC_WARN_UNINITIALIZED_AUTOS = YES_AGGRESSIVE;
				GCC_WARN_UNUSED_FUNCTION = YES;
				GCC_WARN_UNUSED_VARIABLE = YES;
				IPHONEOS_DEPLOYMENT_TARGET = 9.0;
				MTL_ENABLE_DEBUG_INFO = NO;
				SDKROOT = iphoneos;
				VALIDATE_PRODUCT = YES;
			};
			name = Release;
		};
		7D1651911BA3FF0D00A6E73D /* Debug */ = {
			isa = XCBuildConfiguration;
			buildSettings = {
				ASSETCATALOG_COMPILER_APPICON_NAME = AppIcon;
				CODE_SIGN_IDENTITY = "iPhone Developer";
				INFOPLIST_FILE = GPXTracker2/Info.plist;
				LD_RUNPATH_SEARCH_PATHS = "$(inherited) @executable_path/Frameworks";
				PRODUCT_BUNDLE_IDENTIFIER = net.chocobi.GPXiPhone;
				PRODUCT_NAME = "$(TARGET_NAME)";
				TARGETED_DEVICE_FAMILY = "1,2";
			};
			name = Debug;
		};
		7D1651921BA3FF0D00A6E73D /* Release */ = {
			isa = XCBuildConfiguration;
			buildSettings = {
				ASSETCATALOG_COMPILER_APPICON_NAME = AppIcon;
				CODE_SIGN_IDENTITY = "iPhone Developer";
				INFOPLIST_FILE = GPXTracker2/Info.plist;
				LD_RUNPATH_SEARCH_PATHS = "$(inherited) @executable_path/Frameworks";
				PRODUCT_BUNDLE_IDENTIFIER = net.chocobi.GPXiPhone;
				PRODUCT_NAME = "$(TARGET_NAME)";
				TARGETED_DEVICE_FAMILY = "1,2";
			};
			name = Release;
		};
/* End XCBuildConfiguration section */

/* Begin XCConfigurationList section */
		7D1651791BA3FF0D00A6E73D /* Build configuration list for PBXProject "GPXTracker2" */ = {
			isa = XCConfigurationList;
			buildConfigurations = (
				7D16518E1BA3FF0D00A6E73D /* Debug */,
				7D16518F1BA3FF0D00A6E73D /* Release */,
			);
			defaultConfigurationIsVisible = 0;
			defaultConfigurationName = Release;
		};
		7D1651901BA3FF0D00A6E73D /* Build configuration list for PBXNativeTarget "GPXTracker2" */ = {
			isa = XCConfigurationList;
			buildConfigurations = (
				7D1651911BA3FF0D00A6E73D /* Debug */,
				7D1651921BA3FF0D00A6E73D /* Release */,
			);
			defaultConfigurationIsVisible = 0;
			defaultConfigurationName = Release;
		};
/* End XCConfigurationList section */
	};
	rootObject = 7D1651761BA3FF0D00A6E73D /* Project object */;
}
