PODS:
  - Alamofire (3.2.1)
  - PKHUD (3.0.0)
  - SWXMLHash (2.1.0)

DEPENDENCIES:
  - Alamofire
  - PKHUD
  - SWXMLHash

SPEC CHECKSUMS:
  Alamofire: f11d8624a05f5d39e0c99309b3e600a3ba64298a
  PKHUD: e1648a176717bcdf480ec4b91ff1f023f8abb8c4
  SWXMLHash: 7257a358b3ab2f7a209e0b4e4cf552e8b6df5f0f

COCOAPODS: 0.39.0
