// !$*UTF8*$!
{
	archiveVersion = 1;
	classes = {
	};
	objectVersion = 52;
	objects = {

/* Begin PBXBuildFile section */
		7DCAFA7A2413805C00A9CCDE /* AppDelegate.swift in Sources */ = {isa = PBXBuildFile; fileRef = 7DCAFA792413805C00A9CCDE /* AppDelegate.swift */; };
		7DCAFA7C2413805C00A9CCDE /* SceneDelegate.swift in Sources */ = {isa = PBXBuildFile; fileRef = 7DCAFA7B2413805C00A9CCDE /* SceneDelegate.swift */; };
		7DCAFA7E2413805C00A9CCDE /* ContentView.swift in Sources */ = {isa = PBXBuildFile; fileRef = 7DCAFA7D2413805C00A9CCDE /* ContentView.swift */; };
		7DCAFA802413805C00A9CCDE /* Assets.xcassets in Resources */ = {isa = PBXBuildFile; fileRef = 7DCAFA7F2413805C00A9CCDE /* Assets.xcassets */; };
		7DCAFA832413805C00A9CCDE /* Preview Assets.xcassets in Resources */ = {isa = PBXBuildFile; fileRef = 7DCAFA822413805C00A9CCDE /* Preview Assets.xcassets */; };
		7DCAFA862413805C00A9CCDE /* LaunchScreen.storyboard in Resources */ = {isa = PBXBuildFile; fileRef = 7DCAFA842413805C00A9CCDE /* LaunchScreen.storyboard */; };
		7DCAFA92241383D100A9CCDE /* PKHUD.framework in Frameworks */ = {isa = PBXBuildFile; fileRef = 7DCAFA8F241383D100A9CCDE /* PKHUD.framework */; };
		7DCAFA93241383D100A9CCDE /* PKHUD.framework in Embed Frameworks */ = {isa = PBXBuildFile; fileRef = 7DCAFA8F241383D100A9CCDE /* PKHUD.framework */; settings = {ATTRIBUTES = (CodeSignOnCopy, RemoveHeadersOnCopy, ); }; };
		7DCAFA94241383D100A9CCDE /* Zip.framework in Frameworks */ = {isa = PBXBuildFile; fileRef = 7DCAFA90241383D100A9CCDE /* Zip.framework */; };
		7DCAFA95241383D100A9CCDE /* Zip.framework in Embed Frameworks */ = {isa = PBXBuildFile; fileRef = 7DCAFA90241383D100A9CCDE /* Zip.framework */; settings = {ATTRIBUTES = (CodeSignOnCopy, RemoveHeadersOnCopy, ); }; };
		7DCAFA96241383D100A9CCDE /* Kanna.framework in Frameworks */ = {isa = PBXBuildFile; fileRef = 7DCAFA91241383D100A9CCDE /* Kanna.framework */; };
		7DCAFA97241383D100A9CCDE /* Kanna.framework in Embed Frameworks */ = {isa = PBXBuildFile; fileRef = 7DCAFA91241383D100A9CCDE /* Kanna.framework */; settings = {ATTRIBUTES = (CodeSignOnCopy, RemoveHeadersOnCopy, ); }; };
/* End PBXBuildFile section */

/* Begin PBXCopyFilesBuildPhase section */
		7DCAFA98241383D100A9CCDE /* Embed Frameworks */ = {
			isa = PBXCopyFilesBuildPhase;
			buildActionMask = 2147483647;
			dstPath = "";
			dstSubfolderSpec = 10;
			files = (
				7DCAFA95241383D100A9CCDE /* Zip.framework in Embed Frameworks */,
				7DCAFA93241383D100A9CCDE /* PKHUD.framework in Embed Frameworks */,
				7DCAFA97241383D100A9CCDE /* Kanna.framework in Embed Frameworks */,
			);
			name = "Embed Frameworks";
			runOnlyForDeploymentPostprocessing = 0;
		};
/* End PBXCopyFilesBuildPhase section */

/* Begin PBXFileReference section */
		7DCAFA762413805C00A9CCDE /* GPXTracker.app */ = {isa = PBXFileReference; explicitFileType = wrapper.application; includeInIndex = 0; path = GPXTracker.app; sourceTree = BUILT_PRODUCTS_DIR; };
		7DCAFA792413805C00A9CCDE /* AppDelegate.swift */ = {isa = PBXFileReference; lastKnownFileType = sourcecode.swift; path = AppDelegate.swift; sourceTree = "<group>"; };
		7DCAFA7B2413805C00A9CCDE /* SceneDelegate.swift */ = {isa = PBXFileReference; lastKnownFileType = sourcecode.swift; path = SceneDelegate.swift; sourceTree = "<group>"; };
		7DCAFA7D2413805C00A9CCDE /* ContentView.swift */ = {isa = PBXFileReference; lastKnownFileType = sourcecode.swift; path = ContentView.swift; sourceTree = "<group>"; };
		7DCAFA7F2413805C00A9CCDE /* Assets.xcassets */ = {isa = PBXFileReference; lastKnownFileType = folder.assetcatalog; path = Assets.xcassets; sourceTree = "<group>"; };
		7DCAFA822413805C00A9CCDE /* Preview Assets.xcassets */ = {isa = PBXFileReference; lastKnownFileType = folder.assetcatalog; path = "Preview Assets.xcassets"; sourceTree = "<group>"; };
		7DCAFA852413805C00A9CCDE /* Base */ = {isa = PBXFileReference; lastKnownFileType = file.storyboard; name = Base; path = Base.lproj/LaunchScreen.storyboard; sourceTree = "<group>"; };
		7DCAFA872413805C00A9CCDE /* Info.plist */ = {isa = PBXFileReference; lastKnownFileType = text.plist.xml; path = Info.plist; sourceTree = "<group>"; };
		7DCAFA8E241383BD00A9CCDE /* Kanna */ = {isa = PBXFileReference; lastKnownFileType = folder; name = Kanna; path = Carthage/Checkouts/Kanna; sourceTree = "<group>"; };
		7DCAFA8F241383D100A9CCDE /* PKHUD.framework */ = {isa = PBXFileReference; lastKnownFileType = wrapper.framework; name = PKHUD.framework; path = Carthage/Build/iOS/PKHUD.framework; sourceTree = "<group>"; };
		7DCAFA90241383D100A9CCDE /* Zip.framework */ = {isa = PBXFileReference; lastKnownFileType = wrapper.framework; name = Zip.framework; path = Carthage/Build/iOS/Zip.framework; sourceTree = "<group>"; };
		7DCAFA91241383D100A9CCDE /* Kanna.framework */ = {isa = PBXFileReference; lastKnownFileType = wrapper.framework; name = Kanna.framework; path = Carthage/Build/iOS/Kanna.framework; sourceTree = "<group>"; };
/* End PBXFileReference section */

/* Begin PBXFrameworksBuildPhase section */
		7DCAFA732413805C00A9CCDE /* Frameworks */ = {
			isa = PBXFrameworksBuildPhase;
			buildActionMask = 2147483647;
			files = (
				7DCAFA94241383D100A9CCDE /* Zip.framework in Frameworks */,
				7DCAFA92241383D100A9CCDE /* PKHUD.framework in Frameworks */,
				7DCAFA96241383D100A9CCDE /* Kanna.framework in Frameworks */,
			);
			runOnlyForDeploymentPostprocessing = 0;
		};
/* End PBXFrameworksBuildPhase section */

/* Begin PBXGroup section */
		7DCAFA6D2413805C00A9CCDE = {
			isa = PBXGroup;
			children = (
				7DCAFA782413805C00A9CCDE /* GPXTracker */,
				7DCAFA772413805C00A9CCDE /* Products */,
				7DCAFA8D241383BD00A9CCDE /* Frameworks */,
			);
			sourceTree = "<group>";
		};
		7DCAFA772413805C00A9CCDE /* Products */ = {
			isa = PBXGroup;
			children = (
				7DCAFA762413805C00A9CCDE /* GPXTracker.app */,
			);
			name = Products;
			sourceTree = "<group>";
		};
		7DCAFA782413805C00A9CCDE /* GPXTracker */ = {
			isa = PBXGroup;
			children = (
				7DCAFA792413805C00A9CCDE /* AppDelegate.swift */,
				7DCAFA7B2413805C00A9CCDE /* SceneDelegate.swift */,
				7DCAFA7D2413805C00A9CCDE /* ContentView.swift */,
				7DCAFA7F2413805C00A9CCDE /* Assets.xcassets */,
				7DCAFA842413805C00A9CCDE /* LaunchScreen.storyboard */,
				7DCAFA872413805C00A9CCDE /* Info.plist */,
				7DCAFA812413805C00A9CCDE /* Preview Content */,
			);
			path = GPXTracker;
			sourceTree = "<group>";
		};
		7DCAFA812413805C00A9CCDE /* Preview Content */ = {
			isa = PBXGroup;
			children = (
				7DCAFA822413805C00A9CCDE /* Preview Assets.xcassets */,
			);
			path = "Preview Content";
			sourceTree = "<group>";
		};
		7DCAFA8D241383BD00A9CCDE /* Frameworks */ = {
			isa = PBXGroup;
			children = (
				7DCAFA91241383D100A9CCDE /* Kanna.framework */,
				7DCAFA8F241383D100A9CCDE /* PKHUD.framework */,
				7DCAFA90241383D100A9CCDE /* Zip.framework */,
				7DCAFA8E241383BD00A9CCDE /* Kanna */,
			);
			name = Frameworks;
			sourceTree = "<group>";
		};
/* End PBXGroup section */

/* Begin PBXNativeTarget section */
		7DCAFA752413805C00A9CCDE /* GPXTracker */ = {
			isa = PBXNativeTarget;
			buildConfigurationList = 7DCAFA8A2413805C00A9CCDE /* Build configuration list for PBXNativeTarget "GPXTracker" */;
			buildPhases = (
				7DCAFA722413805C00A9CCDE /* Sources */,
				7DCAFA732413805C00A9CCDE /* Frameworks */,
				7DCAFA742413805C00A9CCDE /* Resources */,
				7DCAFA98241383D100A9CCDE /* Embed Frameworks */,
				7DCAFA99241383F600A9CCDE /* ShellScript */,
			);
			buildRules = (
			);
			dependencies = (
			);
			name = GPXTracker;
			productName = GPXTracker;
			productReference = 7DCAFA762413805C00A9CCDE /* GPXTracker.app */;
			productType = "com.apple.product-type.application";
		};
/* End PBXNativeTarget section */

/* Begin PBXProject section */
		7DCAFA6E2413805C00A9CCDE /* Project object */ = {
			isa = PBXProject;
			attributes = {
				LastSwiftUpdateCheck = 1130;
				LastUpgradeCheck = 1130;
				ORGANIZATIONNAME = susemi99;
				TargetAttributes = {
					7DCAFA752413805C00A9CCDE = {
						CreatedOnToolsVersion = 11.3.1;
					};
				};
			};
			buildConfigurationList = 7DCAFA712413805C00A9CCDE /* Build configuration list for PBXProject "GPXTracker" */;
			compatibilityVersion = "Xcode 11.0";
			developmentRegion = en;
			hasScannedForEncodings = 0;
			knownRegions = (
				en,
				Base,
			);
			mainGroup = 7DCAFA6D2413805C00A9CCDE;
			productRefGroup = 7DCAFA772413805C00A9CCDE /* Products */;
			projectDirPath = "";
			projectRoot = "";
			targets = (
				7DCAFA752413805C00A9CCDE /* GPXTracker */,
			);
		};
/* End PBXProject section */

/* Begin PBXResourcesBuildPhase section */
		7DCAFA742413805C00A9CCDE /* Resources */ = {
			isa = PBXResourcesBuildPhase;
			buildActionMask = 2147483647;
			files = (
				7DCAFA862413805C00A9CCDE /* LaunchScreen.storyboard in Resources */,
				7DCAFA832413805C00A9CCDE /* Preview Assets.xcassets in Resources */,
				7DCAFA802413805C00A9CCDE /* Assets.xcassets in Resources */,
			);
			runOnlyForDeploymentPostprocessing = 0;
		};
/* End PBXResourcesBuildPhase section */

/* Begin PBXShellScriptBuildPhase section */
		7DCAFA99241383F600A9CCDE /* ShellScript */ = {
			isa = PBXShellScriptBuildPhase;
			buildActionMask = 2147483647;
			files = (
			);
			inputFileListPaths = (
			);
			inputPaths = (
				"$(SRCROOT)/Carthage/Build/iOS/Kanna.framework",
				"$(SRCROOT)/Carthage/Build/iOS/PKHUD.framework",
				"$(SRCROOT)/Carthage/Build/iOS/Zip.framework",
			);
			outputFileListPaths = (
			);
			outputPaths = (
			);
			runOnlyForDeploymentPostprocessing = 0;
			shellPath = /bin/sh;
			shellScript = "# Type a script or drag a script file from your workspace to insert its path.\n/usr/local/bin/carthage copy-frameworks\n";
		};
/* End PBXShellScriptBuildPhase section */

/* Begin PBXSourcesBuildPhase section */
		7DCAFA722413805C00A9CCDE /* Sources */ = {
			isa = PBXSourcesBuildPhase;
			buildActionMask = 2147483647;
			files = (
				7DCAFA7A2413805C00A9CCDE /* AppDelegate.swift in Sources */,
				7DCAFA7C2413805C00A9CCDE /* SceneDelegate.swift in Sources */,
				7DCAFA7E2413805C00A9CCDE /* ContentView.swift in Sources */,
			);
			runOnlyForDeploymentPostprocessing = 0;
		};
/* End PBXSourcesBuildPhase section */

/* Begin PBXVariantGroup section */
		7DCAFA842413805C00A9CCDE /* LaunchScreen.storyboard */ = {
			isa = PBXVariantGroup;
			children = (
				7DCAFA852413805C00A9CCDE /* Base */,
			);
			name = LaunchScreen.storyboard;
			sourceTree = "<group>";
		};
/* End PBXVariantGroup section */

/* Begin XCBuildConfiguration section */
		7DCAFA882413805C00A9CCDE /* Debug */ = {
			isa = XCBuildConfiguration;
			buildSettings = {
				ALWAYS_SEARCH_USER_PATHS = NO;
				CLANG_ANALYZER_NONNULL = YES;
				CLANG_ANALYZER_NUMBER_OBJECT_CONVERSION = YES_AGGRESSIVE;
				CLANG_CXX_LANGUAGE_STANDARD = "gnu++14";
				CLANG_CXX_LIBRARY = "libc++";
				CLANG_ENABLE_MODULES = YES;
				CLANG_ENABLE_OBJC_ARC = YES;
				CLANG_ENABLE_OBJC_WEAK = YES;
				CLANG_WARN_BLOCK_CAPTURE_AUTORELEASING = YES;
				CLANG_WARN_BOOL_CONVERSION = YES;
				CLANG_WARN_COMMA = YES;
				CLANG_WARN_CONSTANT_CONVERSION = YES;
				CLANG_WARN_DEPRECATED_OBJC_IMPLEMENTATIONS = YES;
				CLANG_WARN_DIRECT_OBJC_ISA_USAGE = YES_ERROR;
				CLANG_WARN_DOCUMENTATION_COMMENTS = YES;
				CLANG_WARN_EMPTY_BODY = YES;
				CLANG_WARN_ENUM_CONVERSION = YES;
				CLANG_WARN_INFINITE_RECURSION = YES;
				CLANG_WARN_INT_CONVERSION = YES;
				CLANG_WARN_NON_LITERAL_NULL_CONVERSION = YES;
				CLANG_WARN_OBJC_IMPLICIT_RETAIN_SELF = YES;
				CLANG_WARN_OBJC_LITERAL_CONVERSION = YES;
				CLANG_WARN_OBJC_ROOT_CLASS = YES_ERROR;
				CLANG_WARN_RANGE_LOOP_ANALYSIS = YES;
				CLANG_WARN_STRICT_PROTOTYPES = YES;
				CLANG_WARN_SUSPICIOUS_MOVE = YES;
				CLANG_WARN_UNGUARDED_AVAILABILITY = YES_AGGRESSIVE;
				CLANG_WARN_UNREACHABLE_CODE = YES;
				CLANG_WARN__DUPLICATE_METHOD_MATCH = YES;
				COPY_PHASE_STRIP = NO;
				DEBUG_INFORMATION_FORMAT = dwarf;
				ENABLE_STRICT_OBJC_MSGSEND = YES;
				ENABLE_TESTABILITY = YES;
				GCC_C_LANGUAGE_STANDARD = gnu11;
				GCC_DYNAMIC_NO_PIC = NO;
				GCC_NO_COMMON_BLOCKS = YES;
				GCC_OPTIMIZATION_LEVEL = 0;
				GCC_PREPROCESSOR_DEFINITIONS = (
					"DEBUG=1",
					"$(inherited)",
				);
				GCC_WARN_64_TO_32_BIT_CONVERSION = YES;
				GCC_WARN_ABOUT_RETURN_TYPE = YES_ERROR;
				GCC_WARN_UNDECLARED_SELECTOR = YES;
				GCC_WARN_UNINITIALIZED_AUTOS = YES_AGGRESSIVE;
				GCC_WARN_UNUSED_FUNCTION = YES;
				GCC_WARN_UNUSED_VARIABLE = YES;
				IPHONEOS_DEPLOYMENT_TARGET = 13.2;
				MTL_ENABLE_DEBUG_INFO = INCLUDE_SOURCE;
				MTL_FAST_MATH = YES;
				ONLY_ACTIVE_ARCH = YES;
				SDKROOT = iphoneos;
				SWIFT_ACTIVE_COMPILATION_CONDITIONS = DEBUG;
				SWIFT_OPTIMIZATION_LEVEL = "-Onone";
			};
			name = Debug;
		};
		7DCAFA892413805C00A9CCDE /* Release */ = {
			isa = XCBuildConfiguration;
			buildSettings = {
				ALWAYS_SEARCH_USER_PATHS = NO;
				CLANG_ANALYZER_NONNULL = YES;
				CLANG_ANALYZER_NUMBER_OBJECT_CONVERSION = YES_AGGRESSIVE;
				CLANG_CXX_LANGUAGE_STANDARD = "gnu++14";
				CLANG_CXX_LIBRARY = "libc++";
				CLANG_ENABLE_MODULES = YES;
				CLANG_ENABLE_OBJC_ARC = YES;
				CLANG_ENABLE_OBJC_WEAK = YES;
				CLANG_WARN_BLOCK_CAPTURE_AUTORELEASING = YES;
				CLANG_WARN_BOOL_CONVERSION = YES;
				CLANG_WARN_COMMA = YES;
				CLANG_WARN_CONSTANT_CONVERSION = YES;
				CLANG_WARN_DEPRECATED_OBJC_IMPLEMENTATIONS = YES;
				CLANG_WARN_DIRECT_OBJC_ISA_USAGE = YES_ERROR;
				CLANG_WARN_DOCUMENTATION_COMMENTS = YES;
				CLANG_WARN_EMPTY_BODY = YES;
				CLANG_WARN_ENUM_CONVERSION = YES;
				CLANG_WARN_INFINITE_RECURSION = YES;
				CLANG_WARN_INT_CONVERSION = YES;
				CLANG_WARN_NON_LITERAL_NULL_CONVERSION = YES;
				CLANG_WARN_OBJC_IMPLICIT_RETAIN_SELF = YES;
				CLANG_WARN_OBJC_LITERAL_CONVERSION = YES;
				CLANG_WARN_OBJC_ROOT_CLASS = YES_ERROR;
				CLANG_WARN_RANGE_LOOP_ANALYSIS = YES;
				CLANG_WARN_STRICT_PROTOTYPES = YES;
				CLANG_WARN_SUSPICIOUS_MOVE = YES;
				CLANG_WARN_UNGUARDED_AVAILABILITY = YES_AGGRESSIVE;
				CLANG_WARN_UNREACHABLE_CODE = YES;
				CLANG_WARN__DUPLICATE_METHOD_MATCH = YES;
				COPY_PHASE_STRIP = NO;
				DEBUG_INFORMATION_FORMAT = "dwarf-with-dsym";
				ENABLE_NS_ASSERTIONS = NO;
				ENABLE_STRICT_OBJC_MSGSEND = YES;
				GCC_C_LANGUAGE_STANDARD = gnu11;
				GCC_NO_COMMON_BLOCKS = YES;
				GCC_WARN_64_TO_32_BIT_CONVERSION = YES;
				GCC_WARN_ABOUT_RETURN_TYPE = YES_ERROR;
				GCC_WARN_UNDECLARED_SELECTOR = YES;
				GCC_WARN_UNINITIALIZED_AUTOS = YES_AGGRESSIVE;
				GCC_WARN_UNUSED_FUNCTION = YES;
				GCC_WARN_UNUSED_VARIABLE = YES;
				IPHONEOS_DEPLOYMENT_TARGET = 13.2;
				MTL_ENABLE_DEBUG_INFO = NO;
				MTL_FAST_MATH = YES;
				SDKROOT = iphoneos;
				SWIFT_COMPILATION_MODE = wholemodule;
				SWIFT_OPTIMIZATION_LEVEL = "-O";
				VALIDATE_PRODUCT = YES;
			};
			name = Release;
		};
		7DCAFA8B2413805C00A9CCDE /* Debug */ = {
			isa = XCBuildConfiguration;
			buildSettings = {
				ASSETCATALOG_COMPILER_APPICON_NAME = AppIcon;
				CODE_SIGN_STYLE = Automatic;
				CURRENT_PROJECT_VERSION = 3.8;
				DEVELOPMENT_ASSET_PATHS = "\"GPXTracker/Preview Content\"";
				DEVELOPMENT_TEAM = 37DX6YRT9T;
				ENABLE_PREVIEWS = YES;
				FRAMEWORK_SEARCH_PATHS = (
					"$(inherited)",
					"$(PROJECT_DIR)/Carthage/Build/iOS",
				);
				INFOPLIST_FILE = GPXTracker/Info.plist;
				LD_RUNPATH_SEARCH_PATHS = (
					"$(inherited)",
					"@executable_path/Frameworks",
				);
				MARKETING_VERSION = 3.8;
				PRODUCT_BUNDLE_IDENTIFIER = net.chocobi.GPXiPhone;
				PRODUCT_NAME = "$(TARGET_NAME)";
				SWIFT_VERSION = 5.0;
				TARGETED_DEVICE_FAMILY = "1,2";
			};
			name = Debug;
		};
		7DCAFA8C2413805C00A9CCDE /* Release */ = {
			isa = XCBuildConfiguration;
			buildSettings = {
				ASSETCATALOG_COMPILER_APPICON_NAME = AppIcon;
				CODE_SIGN_STYLE = Automatic;
				CURRENT_PROJECT_VERSION = 3.8;
				DEVELOPMENT_ASSET_PATHS = "\"GPXTracker/Preview Content\"";
				DEVELOPMENT_TEAM = 37DX6YRT9T;
				ENABLE_PREVIEWS = YES;
				FRAMEWORK_SEARCH_PATHS = (
					"$(inherited)",
					"$(PROJECT_DIR)/Carthage/Build/iOS",
				);
				INFOPLIST_FILE = GPXTracker/Info.plist;
				LD_RUNPATH_SEARCH_PATHS = (
					"$(inherited)",
					"@executable_path/Frameworks",
				);
				MARKETING_VERSION = 3.8;
				PRODUCT_BUNDLE_IDENTIFIER = net.chocobi.GPXiPhone;
				PRODUCT_NAME = "$(TARGET_NAME)";
				SWIFT_VERSION = 5.0;
				TARGETED_DEVICE_FAMILY = "1,2";
			};
			name = Release;
		};
/* End XCBuildConfiguration section */

/* Begin XCConfigurationList section */
		7DCAFA712413805C00A9CCDE /* Build configuration list for PBXProject "GPXTracker" */ = {
			isa = XCConfigurationList;
			buildConfigurations = (
				7DCAFA882413805C00A9CCDE /* Debug */,
				7DCAFA892413805C00A9CCDE /* Release */,
			);
			defaultConfigurationIsVisible = 0;
			defaultConfigurationName = Release;
		};
		7DCAFA8A2413805C00A9CCDE /* Build configuration list for PBXNativeTarget "GPXTracker" */ = {
			isa = XCConfigurationList;
			buildConfigurations = (
				7DCAFA8B2413805C00A9CCDE /* Debug */,
				7DCAFA8C2413805C00A9CCDE /* Release */,
			);
			defaultConfigurationIsVisible = 0;
			defaultConfigurationName = Release;
		};
/* End XCConfigurationList section */
	};
	rootObject = 7DCAFA6E2413805C00A9CCDE /* Project object */;
}
