// !$*UTF8*$!
{
	archiveVersion = 1;
	classes = {
	};
	objectVersion = 54;
	objects = {

/* Begin PBXBuildFile section */
		7D6870D12414D4CB0033C827 /* MapViewModel.swift in Sources */ = {isa = PBXBuildFile; fileRef = 7D6870D02414D4CB0033C827 /* MapViewModel.swift */; };
		7D6870D62414D9490033C827 /* LocationProvider.swift in Sources */ = {isa = PBXBuildFile; fileRef = 7D6870D52414D9490033C827 /* LocationProvider.swift */; };
		7D6870D92414EBE80033C827 /* UserDefaults.swift in Sources */ = {isa = PBXBuildFile; fileRef = 7D6870D82414EBE80033C827 /* UserDefaults.swift */; };
		7D790145254EB9B2002CC197 /* ObjcExceptionBridging in Frameworks */ = {isa = PBXBuildFile; productRef = 7D790144254EB9B2002CC197 /* ObjcExceptionBridging */; };
		7D790147254EB9B2002CC197 /* XCGLogger in Frameworks */ = {isa = PBXBuildFile; productRef = 7D790146254EB9B2002CC197 /* XCGLogger */; };
		7D79014D254EBA3A002CC197 /* Logger.swift in Sources */ = {isa = PBXBuildFile; fileRef = 7D79014C254EBA3A002CC197 /* Logger.swift */; };
		7DCAFA7A2413805C00A9CCDE /* AppDelegate.swift in Sources */ = {isa = PBXBuildFile; fileRef = 7DCAFA792413805C00A9CCDE /* AppDelegate.swift */; };
		7DCAFA7C2413805C00A9CCDE /* SceneDelegate.swift in Sources */ = {isa = PBXBuildFile; fileRef = 7DCAFA7B2413805C00A9CCDE /* SceneDelegate.swift */; };
		7DCAFA7E2413805C00A9CCDE /* ContentView.swift in Sources */ = {isa = PBXBuildFile; fileRef = 7DCAFA7D2413805C00A9CCDE /* ContentView.swift */; };
		7DCAFA802413805C00A9CCDE /* Assets.xcassets in Resources */ = {isa = PBXBuildFile; fileRef = 7DCAFA7F2413805C00A9CCDE /* Assets.xcassets */; };
		7DCAFA832413805C00A9CCDE /* Preview Assets.xcassets in Resources */ = {isa = PBXBuildFile; fileRef = 7DCAFA822413805C00A9CCDE /* Preview Assets.xcassets */; };
		7DCAFA862413805C00A9CCDE /* LaunchScreen.storyboard in Resources */ = {isa = PBXBuildFile; fileRef = 7DCAFA842413805C00A9CCDE /* LaunchScreen.storyboard */; };
		7DCAFA9C241385D100A9CCDE /* MapView.swift in Sources */ = {isa = PBXBuildFile; fileRef = 7DCAFA9B241385D100A9CCDE /* MapView.swift */; };
		7DD19CCD24614CB300B3AF1D /* FileManager.swift in Sources */ = {isa = PBXBuildFile; fileRef = 7DD19CCC24614CB300B3AF1D /* FileManager.swift */; };
		7DD19CD02461624200B3AF1D /* GTFile.swift in Sources */ = {isa = PBXBuildFile; fileRef = 7DD19CCF2461624200B3AF1D /* GTFile.swift */; };
		7DD19CD3246162DE00B3AF1D /* Zip in Frameworks */ = {isa = PBXBuildFile; productRef = 7DD19CD2246162DE00B3AF1D /* Zip */; };
		7DD19CD6246162FC00B3AF1D /* Kanna in Frameworks */ = {isa = PBXBuildFile; productRef = 7DD19CD5246162FC00B3AF1D /* Kanna */; };
		7DD19CDC2461641700B3AF1D /* AppConstant.swift in Sources */ = {isa = PBXBuildFile; fileRef = 7DD19CDB2461641700B3AF1D /* AppConstant.swift */; };
		7DD19CDE2461698900B3AF1D /* GTLine.swift in Sources */ = {isa = PBXBuildFile; fileRef = 7DD19CDD2461698900B3AF1D /* GTLine.swift */; };
		7DD19CE0246169A600B3AF1D /* GTPin.swift in Sources */ = {isa = PBXBuildFile; fileRef = 7DD19CDF246169A600B3AF1D /* GTPin.swift */; };
		7DD19CE2246169BB00B3AF1D /* GTPolyline.swift in Sources */ = {isa = PBXBuildFile; fileRef = 7DD19CE1246169BB00B3AF1D /* GTPolyline.swift */; };
		7DD19CE4246171D300B3AF1D /* samples in Resources */ = {isa = PBXBuildFile; fileRef = 7DD19CE3246171D300B3AF1D /* samples */; };
		7DD19CEF24617A2B00B3AF1D /* KRProgressHUD in Frameworks */ = {isa = PBXBuildFile; productRef = 7DD19CEE24617A2B00B3AF1D /* KRProgressHUD */; };
		7DDF5FD82467E8BE00B2DDD0 /* FileListView.swift in Sources */ = {isa = PBXBuildFile; fileRef = 7DDF5FD72467E8BE00B2DDD0 /* FileListView.swift */; };
		7DFD106D25A18400006BAE1B /* CancelBag.swift in Sources */ = {isa = PBXBuildFile; fileRef = 7DFD106C25A18400006BAE1B /* CancelBag.swift */; };
/* End PBXBuildFile section */

/* Begin PBXCopyFilesBuildPhase section */
		7DCAFA98241383D100A9CCDE /* Embed Frameworks */ = {
			isa = PBXCopyFilesBuildPhase;
			buildActionMask = 2147483647;
			dstPath = "";
			dstSubfolderSpec = 10;
			files = (
			);
			name = "Embed Frameworks";
			runOnlyForDeploymentPostprocessing = 0;
		};
/* End PBXCopyFilesBuildPhase section */

/* Begin PBXFileReference section */
		7D6870D02414D4CB0033C827 /* MapViewModel.swift */ = {isa = PBXFileReference; lastKnownFileType = sourcecode.swift; path = MapViewModel.swift; sourceTree = "<group>"; };
		7D6870D52414D9490033C827 /* LocationProvider.swift */ = {isa = PBXFileReference; lastKnownFileType = sourcecode.swift; path = LocationProvider.swift; sourceTree = "<group>"; };
		7D6870D82414EBE80033C827 /* UserDefaults.swift */ = {isa = PBXFileReference; lastKnownFileType = sourcecode.swift; path = UserDefaults.swift; sourceTree = "<group>"; };
		7D79014C254EBA3A002CC197 /* Logger.swift */ = {isa = PBXFileReference; lastKnownFileType = sourcecode.swift; path = Logger.swift; sourceTree = "<group>"; };
		7DCAFA762413805C00A9CCDE /* GPXTracker.app */ = {isa = PBXFileReference; explicitFileType = wrapper.application; includeInIndex = 0; path = GPXTracker.app; sourceTree = BUILT_PRODUCTS_DIR; };
		7DCAFA792413805C00A9CCDE /* AppDelegate.swift */ = {isa = PBXFileReference; lastKnownFileType = sourcecode.swift; path = AppDelegate.swift; sourceTree = "<group>"; };
		7DCAFA7B2413805C00A9CCDE /* SceneDelegate.swift */ = {isa = PBXFileReference; lastKnownFileType = sourcecode.swift; path = SceneDelegate.swift; sourceTree = "<group>"; };
		7DCAFA7D2413805C00A9CCDE /* ContentView.swift */ = {isa = PBXFileReference; lastKnownFileType = sourcecode.swift; path = ContentView.swift; sourceTree = "<group>"; };
		7DCAFA7F2413805C00A9CCDE /* Assets.xcassets */ = {isa = PBXFileReference; lastKnownFileType = folder.assetcatalog; path = Assets.xcassets; sourceTree = "<group>"; };
		7DCAFA822413805C00A9CCDE /* Preview Assets.xcassets */ = {isa = PBXFileReference; lastKnownFileType = folder.assetcatalog; path = "Preview Assets.xcassets"; sourceTree = "<group>"; };
		7DCAFA852413805C00A9CCDE /* Base */ = {isa = PBXFileReference; lastKnownFileType = file.storyboard; name = Base; path = Base.lproj/LaunchScreen.storyboard; sourceTree = "<group>"; };
		7DCAFA872413805C00A9CCDE /* Info.plist */ = {isa = PBXFileReference; lastKnownFileType = text.plist.xml; path = Info.plist; sourceTree = "<group>"; };
		7DCAFA9B241385D100A9CCDE /* MapView.swift */ = {isa = PBXFileReference; lastKnownFileType = sourcecode.swift; path = MapView.swift; sourceTree = "<group>"; };
		7DD19CCC24614CB300B3AF1D /* FileManager.swift */ = {isa = PBXFileReference; lastKnownFileType = sourcecode.swift; path = FileManager.swift; sourceTree = "<group>"; };
		7DD19CCF2461624200B3AF1D /* GTFile.swift */ = {isa = PBXFileReference; lastKnownFileType = sourcecode.swift; path = GTFile.swift; sourceTree = "<group>"; };
		7DD19CDB2461641700B3AF1D /* AppConstant.swift */ = {isa = PBXFileReference; lastKnownFileType = sourcecode.swift; path = AppConstant.swift; sourceTree = "<group>"; };
		7DD19CDD2461698900B3AF1D /* GTLine.swift */ = {isa = PBXFileReference; lastKnownFileType = sourcecode.swift; path = GTLine.swift; sourceTree = "<group>"; };
		7DD19CDF246169A600B3AF1D /* GTPin.swift */ = {isa = PBXFileReference; lastKnownFileType = sourcecode.swift; path = GTPin.swift; sourceTree = "<group>"; };
		7DD19CE1246169BB00B3AF1D /* GTPolyline.swift */ = {isa = PBXFileReference; lastKnownFileType = sourcecode.swift; path = GTPolyline.swift; sourceTree = "<group>"; };
		7DD19CE3246171D300B3AF1D /* samples */ = {isa = PBXFileReference; lastKnownFileType = folder; name = samples; path = ../../samples; sourceTree = "<group>"; };
		7DDF5FD72467E8BE00B2DDD0 /* FileListView.swift */ = {isa = PBXFileReference; lastKnownFileType = sourcecode.swift; path = FileListView.swift; sourceTree = "<group>"; };
		7DFD106C25A18400006BAE1B /* CancelBag.swift */ = {isa = PBXFileReference; lastKnownFileType = sourcecode.swift; path = CancelBag.swift; sourceTree = "<group>"; };
/* End PBXFileReference section */

/* Begin PBXFrameworksBuildPhase section */
		7DCAFA732413805C00A9CCDE /* Frameworks */ = {
			isa = PBXFrameworksBuildPhase;
			buildActionMask = 2147483647;
			files = (
				7D790145254EB9B2002CC197 /* ObjcExceptionBridging in Frameworks */,
				7DD19CEF24617A2B00B3AF1D /* KRProgressHUD in Frameworks */,
				7DD19CD3246162DE00B3AF1D /* Zip in Frameworks */,
				7DD19CD6246162FC00B3AF1D /* Kanna in Frameworks */,
				7D790147254EB9B2002CC197 /* XCGLogger in Frameworks */,
			);
			runOnlyForDeploymentPostprocessing = 0;
		};
/* End PBXFrameworksBuildPhase section */

/* Begin PBXGroup section */
		7D6870D72414EBD90033C827 /* extension */ = {
			isa = PBXGroup;
			children = (
				7DD19CCC24614CB300B3AF1D /* FileManager.swift */,
				7D6870D82414EBE80033C827 /* UserDefaults.swift */,
				7DFD106C25A18400006BAE1B /* CancelBag.swift */,
			);
			path = extension;
			sourceTree = "<group>";
		};
		7D79014B254EBA03002CC197 /* util */ = {
			isa = PBXGroup;
			children = (
				7D79014C254EBA3A002CC197 /* Logger.swift */,
			);
			path = util;
			sourceTree = "<group>";
		};
		7DCAFA6D2413805C00A9CCDE = {
			isa = PBXGroup;
			children = (
				7DCAFA782413805C00A9CCDE /* GPXTracker */,
				7DCAFA772413805C00A9CCDE /* Products */,
				7DCAFA8D241383BD00A9CCDE /* Frameworks */,
			);
			sourceTree = "<group>";
		};
		7DCAFA772413805C00A9CCDE /* Products */ = {
			isa = PBXGroup;
			children = (
				7DCAFA762413805C00A9CCDE /* GPXTracker.app */,
			);
			name = Products;
			sourceTree = "<group>";
		};
		7DCAFA782413805C00A9CCDE /* GPXTracker */ = {
			isa = PBXGroup;
			children = (
				7DD19CDA2461640500B3AF1D /* constant */,
				7D6870D72414EBD90033C827 /* extension */,
				7DD19CCE2461622C00B3AF1D /* model */,
				7D79014B254EBA03002CC197 /* util */,
				7DCAFA9A241385C300A9CCDE /* view */,
				7DCAFA792413805C00A9CCDE /* AppDelegate.swift */,
				7DCAFA7B2413805C00A9CCDE /* SceneDelegate.swift */,
				7DCAFA7D2413805C00A9CCDE /* ContentView.swift */,
				7DCAFA842413805C00A9CCDE /* LaunchScreen.storyboard */,
				7D6870D52414D9490033C827 /* LocationProvider.swift */,
				7D6870D02414D4CB0033C827 /* MapViewModel.swift */,
				7DCAFA7F2413805C00A9CCDE /* Assets.xcassets */,
				7DCAFA812413805C00A9CCDE /* Preview Content */,
				7DD19CE3246171D300B3AF1D /* samples */,
				7DCAFA872413805C00A9CCDE /* Info.plist */,
			);
			path = GPXTracker;
			sourceTree = "<group>";
		};
		7DCAFA812413805C00A9CCDE /* Preview Content */ = {
			isa = PBXGroup;
			children = (
				7DCAFA822413805C00A9CCDE /* Preview Assets.xcassets */,
			);
			path = "Preview Content";
			sourceTree = "<group>";
		};
		7DCAFA8D241383BD00A9CCDE /* Frameworks */ = {
			isa = PBXGroup;
			children = (
			);
			name = Frameworks;
			sourceTree = "<group>";
		};
		7DCAFA9A241385C300A9CCDE /* view */ = {
			isa = PBXGroup;
			children = (
				7DCAFA9B241385D100A9CCDE /* MapView.swift */,
				7DDF5FD72467E8BE00B2DDD0 /* FileListView.swift */,
			);
			path = view;
			sourceTree = "<group>";
		};
		7DD19CCE2461622C00B3AF1D /* model */ = {
			isa = PBXGroup;
			children = (
				7DD19CCF2461624200B3AF1D /* GTFile.swift */,
				7DD19CDD2461698900B3AF1D /* GTLine.swift */,
				7DD19CDF246169A600B3AF1D /* GTPin.swift */,
				7DD19CE1246169BB00B3AF1D /* GTPolyline.swift */,
			);
			path = model;
			sourceTree = "<group>";
		};
		7DD19CDA2461640500B3AF1D /* constant */ = {
			isa = PBXGroup;
			children = (
				7DD19CDB2461641700B3AF1D /* AppConstant.swift */,
			);
			path = constant;
			sourceTree = "<group>";
		};
/* End PBXGroup section */

/* Begin PBXNativeTarget section */
		7DCAFA752413805C00A9CCDE /* GPXTracker */ = {
			isa = PBXNativeTarget;
			buildConfigurationList = 7DCAFA8A2413805C00A9CCDE /* Build configuration list for PBXNativeTarget "GPXTracker" */;
			buildPhases = (
				7DCAFA722413805C00A9CCDE /* Sources */,
				7DCAFA732413805C00A9CCDE /* Frameworks */,
				7DCAFA742413805C00A9CCDE /* Resources */,
				7DCAFA98241383D100A9CCDE /* Embed Frameworks */,
			);
			buildRules = (
			);
			dependencies = (
			);
			name = GPXTracker;
			packageProductDependencies = (
				7DD19CD2246162DE00B3AF1D /* Zip */,
				7DD19CD5246162FC00B3AF1D /* Kanna */,
				7DD19CEE24617A2B00B3AF1D /* KRProgressHUD */,
				7D790144254EB9B2002CC197 /* ObjcExceptionBridging */,
				7D790146254EB9B2002CC197 /* XCGLogger */,
			);
			productName = GPXTracker;
			productReference = 7DCAFA762413805C00A9CCDE /* GPXTracker.app */;
			productType = "com.apple.product-type.application";
		};
/* End PBXNativeTarget section */

/* Begin PBXProject section */
		7DCAFA6E2413805C00A9CCDE /* Project object */ = {
			isa = PBXProject;
			attributes = {
				LastSwiftUpdateCheck = 1130;
				LastUpgradeCheck = 1200;
				ORGANIZATIONNAME = susemi99;
				TargetAttributes = {
					7DCAFA752413805C00A9CCDE = {
						CreatedOnToolsVersion = 11.3.1;
					};
				};
			};
			buildConfigurationList = 7DCAFA712413805C00A9CCDE /* Build configuration list for PBXProject "GPXTracker" */;
			compatibilityVersion = "Xcode 12.0";
			developmentRegion = en;
			hasScannedForEncodings = 0;
			knownRegions = (
				en,
				Base,
			);
			mainGroup = 7DCAFA6D2413805C00A9CCDE;
			packageReferences = (
				7DD19CD1246162DE00B3AF1D /* XCRemoteSwiftPackageReference "Zip" */,
				7DD19CD4246162FC00B3AF1D /* XCRemoteSwiftPackageReference "Kanna" */,
				7DD19CED24617A2B00B3AF1D /* XCRemoteSwiftPackageReference "KRProgressHUD" */,
				7D790143254EB9B2002CC197 /* XCRemoteSwiftPackageReference "XCGLogger" */,
			);
			productRefGroup = 7DCAFA772413805C00A9CCDE /* Products */;
			projectDirPath = "";
			projectRoot = "";
			targets = (
				7DCAFA752413805C00A9CCDE /* GPXTracker */,
			);
		};
/* End PBXProject section */

/* Begin PBXResourcesBuildPhase section */
		7DCAFA742413805C00A9CCDE /* Resources */ = {
			isa = PBXResourcesBuildPhase;
			buildActionMask = 2147483647;
			files = (
				7DD19CE4246171D300B3AF1D /* samples in Resources */,
				7DCAFA862413805C00A9CCDE /* LaunchScreen.storyboard in Resources */,
				7DCAFA832413805C00A9CCDE /* Preview Assets.xcassets in Resources */,
				7DCAFA802413805C00A9CCDE /* Assets.xcassets in Resources */,
			);
			runOnlyForDeploymentPostprocessing = 0;
		};
/* End PBXResourcesBuildPhase section */

/* Begin PBXSourcesBuildPhase section */
		7DCAFA722413805C00A9CCDE /* Sources */ = {
			isa = PBXSourcesBuildPhase;
			buildActionMask = 2147483647;
			files = (
				7DD19CE0246169A600B3AF1D /* GTPin.swift in Sources */,
				7DD19CD02461624200B3AF1D /* GTFile.swift in Sources */,
				7DD19CDC2461641700B3AF1D /* AppConstant.swift in Sources */,
				7DCAFA7A2413805C00A9CCDE /* AppDelegate.swift in Sources */,
				7D6870D12414D4CB0033C827 /* MapViewModel.swift in Sources */,
				7DD19CE2246169BB00B3AF1D /* GTPolyline.swift in Sources */,
				7DCAFA9C241385D100A9CCDE /* MapView.swift in Sources */,
				7D6870D62414D9490033C827 /* LocationProvider.swift in Sources */,
				7DCAFA7C2413805C00A9CCDE /* SceneDelegate.swift in Sources */,
				7DD19CDE2461698900B3AF1D /* GTLine.swift in Sources */,
				7DFD106D25A18400006BAE1B /* CancelBag.swift in Sources */,
				7D79014D254EBA3A002CC197 /* Logger.swift in Sources */,
				7DDF5FD82467E8BE00B2DDD0 /* FileListView.swift in Sources */,
				7D6870D92414EBE80033C827 /* UserDefaults.swift in Sources */,
				7DCAFA7E2413805C00A9CCDE /* ContentView.swift in Sources */,
				7DD19CCD24614CB300B3AF1D /* FileManager.swift in Sources */,
			);
			runOnlyForDeploymentPostprocessing = 0;
		};
/* End PBXSourcesBuildPhase section */

/* Begin PBXVariantGroup section */
		7DCAFA842413805C00A9CCDE /* LaunchScreen.storyboard */ = {
			isa = PBXVariantGroup;
			children = (
				7DCAFA852413805C00A9CCDE /* Base */,
			);
			name = LaunchScreen.storyboard;
			sourceTree = "<group>";
		};
/* End PBXVariantGroup section */

/* Begin XCBuildConfiguration section */
		7DCAFA882413805C00A9CCDE /* Debug */ = {
			isa = XCBuildConfiguration;
			buildSettings = {
				ALWAYS_SEARCH_USER_PATHS = NO;
				CLANG_ANALYZER_NONNULL = YES;
				CLANG_ANALYZER_NUMBER_OBJECT_CONVERSION = YES_AGGRESSIVE;
				CLANG_CXX_LANGUAGE_STANDARD = "gnu++14";
				CLANG_CXX_LIBRARY = "libc++";
				CLANG_ENABLE_MODULES = YES;
				CLANG_ENABLE_OBJC_ARC = YES;
				CLANG_ENABLE_OBJC_WEAK = YES;
				CLANG_WARN_BLOCK_CAPTURE_AUTORELEASING = YES;
				CLANG_WARN_BOOL_CONVERSION = YES;
				CLANG_WARN_COMMA = YES;
				CLANG_WARN_CONSTANT_CONVERSION = YES;
				CLANG_WARN_DEPRECATED_OBJC_IMPLEMENTATIONS = YES;
				CLANG_WARN_DIRECT_OBJC_ISA_USAGE = YES_ERROR;
				CLANG_WARN_DOCUMENTATION_COMMENTS = YES;
				CLANG_WARN_EMPTY_BODY = YES;
				CLANG_WARN_ENUM_CONVERSION = YES;
				CLANG_WARN_INFINITE_RECURSION = YES;
				CLANG_WARN_INT_CONVERSION = YES;
				CLANG_WARN_NON_LITERAL_NULL_CONVERSION = YES;
				CLANG_WARN_OBJC_IMPLICIT_RETAIN_SELF = YES;
				CLANG_WARN_OBJC_LITERAL_CONVERSION = YES;
				CLANG_WARN_OBJC_ROOT_CLASS = YES_ERROR;
				CLANG_WARN_QUOTED_INCLUDE_IN_FRAMEWORK_HEADER = YES;
				CLANG_WARN_RANGE_LOOP_ANALYSIS = YES;
				CLANG_WARN_STRICT_PROTOTYPES = YES;
				CLANG_WARN_SUSPICIOUS_MOVE = YES;
				CLANG_WARN_UNGUARDED_AVAILABILITY = YES_AGGRESSIVE;
				CLANG_WARN_UNREACHABLE_CODE = YES;
				CLANG_WARN__DUPLICATE_METHOD_MATCH = YES;
				COPY_PHASE_STRIP = NO;
				DEBUG_INFORMATION_FORMAT = dwarf;
				ENABLE_STRICT_OBJC_MSGSEND = YES;
				ENABLE_TESTABILITY = YES;
				GCC_C_LANGUAGE_STANDARD = gnu11;
				GCC_DYNAMIC_NO_PIC = NO;
				GCC_NO_COMMON_BLOCKS = YES;
				GCC_OPTIMIZATION_LEVEL = 0;
				GCC_PREPROCESSOR_DEFINITIONS = (
					"DEBUG=1",
					"$(inherited)",
				);
				GCC_WARN_64_TO_32_BIT_CONVERSION = YES;
				GCC_WARN_ABOUT_RETURN_TYPE = YES_ERROR;
				GCC_WARN_UNDECLARED_SELECTOR = YES;
				GCC_WARN_UNINITIALIZED_AUTOS = YES_AGGRESSIVE;
				GCC_WARN_UNUSED_FUNCTION = YES;
				GCC_WARN_UNUSED_VARIABLE = YES;
				IPHONEOS_DEPLOYMENT_TARGET = 14.0;
				MTL_ENABLE_DEBUG_INFO = INCLUDE_SOURCE;
				MTL_FAST_MATH = YES;
				ONLY_ACTIVE_ARCH = YES;
				SDKROOT = iphoneos;
				SWIFT_ACTIVE_COMPILATION_CONDITIONS = DEBUG;
				SWIFT_OPTIMIZATION_LEVEL = "-Onone";
			};
			name = Debug;
		};
		7DCAFA892413805C00A9CCDE /* Release */ = {
			isa = XCBuildConfiguration;
			buildSettings = {
				ALWAYS_SEARCH_USER_PATHS = NO;
				CLANG_ANALYZER_NONNULL = YES;
				CLANG_ANALYZER_NUMBER_OBJECT_CONVERSION = YES_AGGRESSIVE;
				CLANG_CXX_LANGUAGE_STANDARD = "gnu++14";
				CLANG_CXX_LIBRARY = "libc++";
				CLANG_ENABLE_MODULES = YES;
				CLANG_ENABLE_OBJC_ARC = YES;
				CLANG_ENABLE_OBJC_WEAK = YES;
				CLANG_WARN_BLOCK_CAPTURE_AUTORELEASING = YES;
				CLANG_WARN_BOOL_CONVERSION = YES;
				CLANG_WARN_COMMA = YES;
				CLANG_WARN_CONSTANT_CONVERSION = YES;
				CLANG_WARN_DEPRECATED_OBJC_IMPLEMENTATIONS = YES;
				CLANG_WARN_DIRECT_OBJC_ISA_USAGE = YES_ERROR;
				CLANG_WARN_DOCUMENTATION_COMMENTS = YES;
				CLANG_WARN_EMPTY_BODY = YES;
				CLANG_WARN_ENUM_CONVERSION = YES;
				CLANG_WARN_INFINITE_RECURSION = YES;
				CLANG_WARN_INT_CONVERSION = YES;
				CLANG_WARN_NON_LITERAL_NULL_CONVERSION = YES;
				CLANG_WARN_OBJC_IMPLICIT_RETAIN_SELF = YES;
				CLANG_WARN_OBJC_LITERAL_CONVERSION = YES;
				CLANG_WARN_OBJC_ROOT_CLASS = YES_ERROR;
				CLANG_WARN_QUOTED_INCLUDE_IN_FRAMEWORK_HEADER = YES;
				CLANG_WARN_RANGE_LOOP_ANALYSIS = YES;
				CLANG_WARN_STRICT_PROTOTYPES = YES;
				CLANG_WARN_SUSPICIOUS_MOVE = YES;
				CLANG_WARN_UNGUARDED_AVAILABILITY = YES_AGGRESSIVE;
				CLANG_WARN_UNREACHABLE_CODE = YES;
				CLANG_WARN__DUPLICATE_METHOD_MATCH = YES;
				COPY_PHASE_STRIP = NO;
				DEBUG_INFORMATION_FORMAT = "dwarf-with-dsym";
				ENABLE_NS_ASSERTIONS = NO;
				ENABLE_STRICT_OBJC_MSGSEND = YES;
				GCC_C_LANGUAGE_STANDARD = gnu11;
				GCC_NO_COMMON_BLOCKS = YES;
				GCC_WARN_64_TO_32_BIT_CONVERSION = YES;
				GCC_WARN_ABOUT_RETURN_TYPE = YES_ERROR;
				GCC_WARN_UNDECLARED_SELECTOR = YES;
				GCC_WARN_UNINITIALIZED_AUTOS = YES_AGGRESSIVE;
				GCC_WARN_UNUSED_FUNCTION = YES;
				GCC_WARN_UNUSED_VARIABLE = YES;
				IPHONEOS_DEPLOYMENT_TARGET = 14.0;
				MTL_ENABLE_DEBUG_INFO = NO;
				MTL_FAST_MATH = YES;
				SDKROOT = iphoneos;
				SWIFT_COMPILATION_MODE = wholemodule;
				SWIFT_OPTIMIZATION_LEVEL = "-O";
				VALIDATE_PRODUCT = YES;
			};
			name = Release;
		};
		7DCAFA8B2413805C00A9CCDE /* Debug */ = {
			isa = XCBuildConfiguration;
			buildSettings = {
				ASSETCATALOG_COMPILER_APPICON_NAME = AppIcon;
				CODE_SIGN_STYLE = Automatic;
				CURRENT_PROJECT_VERSION = 3.8;
				DEVELOPMENT_ASSET_PATHS = "\"GPXTracker/Preview Content\"";
				DEVELOPMENT_TEAM = 37DX6YRT9T;
				ENABLE_PREVIEWS = YES;
				FRAMEWORK_SEARCH_PATHS = "$(inherited)";
				INFOPLIST_FILE = GPXTracker/Info.plist;
				LD_RUNPATH_SEARCH_PATHS = (
					"$(inherited)",
					"@executable_path/Frameworks",
				);
				MARKETING_VERSION = 3.8;
				PRODUCT_BUNDLE_IDENTIFIER = net.chocobi.GPXiPhone;
				PRODUCT_NAME = "$(TARGET_NAME)";
				SWIFT_VERSION = 5.0;
				TARGETED_DEVICE_FAMILY = "1,2";
			};
			name = Debug;
		};
		7DCAFA8C2413805C00A9CCDE /* Release */ = {
			isa = XCBuildConfiguration;
			buildSettings = {
				ASSETCATALOG_COMPILER_APPICON_NAME = AppIcon;
				CODE_SIGN_STYLE = Automatic;
				CURRENT_PROJECT_VERSION = 3.8;
				DEVELOPMENT_ASSET_PATHS = "\"GPXTracker/Preview Content\"";
				DEVELOPMENT_TEAM = 37DX6YRT9T;
				ENABLE_PREVIEWS = YES;
				FRAMEWORK_SEARCH_PATHS = "$(inherited)";
				INFOPLIST_FILE = GPXTracker/Info.plist;
				LD_RUNPATH_SEARCH_PATHS = (
					"$(inherited)",
					"@executable_path/Frameworks",
				);
				MARKETING_VERSION = 3.8;
				PRODUCT_BUNDLE_IDENTIFIER = net.chocobi.GPXiPhone;
				PRODUCT_NAME = "$(TARGET_NAME)";
				SWIFT_VERSION = 5.0;
				TARGETED_DEVICE_FAMILY = "1,2";
			};
			name = Release;
		};
/* End XCBuildConfiguration section */

/* Begin XCConfigurationList section */
		7DCAFA712413805C00A9CCDE /* Build configuration list for PBXProject "GPXTracker" */ = {
			isa = XCConfigurationList;
			buildConfigurations = (
				7DCAFA882413805C00A9CCDE /* Debug */,
				7DCAFA892413805C00A9CCDE /* Release */,
			);
			defaultConfigurationIsVisible = 0;
			defaultConfigurationName = Release;
		};
		7DCAFA8A2413805C00A9CCDE /* Build configuration list for PBXNativeTarget "GPXTracker" */ = {
			isa = XCConfigurationList;
			buildConfigurations = (
				7DCAFA8B2413805C00A9CCDE /* Debug */,
				7DCAFA8C2413805C00A9CCDE /* Release */,
			);
			defaultConfigurationIsVisible = 0;
			defaultConfigurationName = Release;
		};
/* End XCConfigurationList section */

/* Begin XCRemoteSwiftPackageReference section */
		7D790143254EB9B2002CC197 /* XCRemoteSwiftPackageReference "XCGLogger" */ = {
			isa = XCRemoteSwiftPackageReference;
			repositoryURL = "https://github.com/DaveWoodCom/XCGLogger";
			requirement = {
				kind = upToNextMajorVersion;
				minimumVersion = 7.0.1;
			};
		};
		7DD19CD1246162DE00B3AF1D /* XCRemoteSwiftPackageReference "Zip" */ = {
			isa = XCRemoteSwiftPackageReference;
			repositoryURL = "https://github.com/marmelroy/Zip";
			requirement = {
				kind = upToNextMajorVersion;
				minimumVersion = 2.0.0;
			};
		};
		7DD19CD4246162FC00B3AF1D /* XCRemoteSwiftPackageReference "Kanna" */ = {
			isa = XCRemoteSwiftPackageReference;
			repositoryURL = "https://github.com/tid-kijyun/Kanna";
			requirement = {
				kind = upToNextMajorVersion;
				minimumVersion = 5.2.2;
			};
		};
		7DD19CED24617A2B00B3AF1D /* XCRemoteSwiftPackageReference "KRProgressHUD" */ = {
			isa = XCRemoteSwiftPackageReference;
			repositoryURL = "https://github.com/krimpedance/KRProgressHUD";
			requirement = {
				kind = upToNextMajorVersion;
				minimumVersion = 3.4.5;
			};
		};
/* End XCRemoteSwiftPackageReference section */

/* Begin XCSwiftPackageProductDependency section */
		7D790144254EB9B2002CC197 /* ObjcExceptionBridging */ = {
			isa = XCSwiftPackageProductDependency;
			package = 7D790143254EB9B2002CC197 /* XCRemoteSwiftPackageReference "XCGLogger" */;
			productName = ObjcExceptionBridging;
		};
		7D790146254EB9B2002CC197 /* XCGLogger */ = {
			isa = XCSwiftPackageProductDependency;
			package = 7D790143254EB9B2002CC197 /* XCRemoteSwiftPackageReference "XCGLogger" */;
			productName = XCGLogger;
		};
		7DD19CD2246162DE00B3AF1D /* Zip */ = {
			isa = XCSwiftPackageProductDependency;
			package = 7DD19CD1246162DE00B3AF1D /* XCRemoteSwiftPackageReference "Zip" */;
			productName = Zip;
		};
		7DD19CD5246162FC00B3AF1D /* Kanna */ = {
			isa = XCSwiftPackageProductDependency;
			package = 7DD19CD4246162FC00B3AF1D /* XCRemoteSwiftPackageReference "Kanna" */;
			productName = Kanna;
		};
		7DD19CEE24617A2B00B3AF1D /* KRProgressHUD */ = {
			isa = XCSwiftPackageProductDependency;
			package = 7DD19CED24617A2B00B3AF1D /* XCRemoteSwiftPackageReference "KRProgressHUD" */;
			productName = KRProgressHUD;
		};
/* End XCSwiftPackageProductDependency section */
	};
	rootObject = 7DCAFA6E2413805C00A9CCDE /* Project object */;
}
