// !$*UTF8*$!
{
	archiveVersion = 1;
	classes = {
	};
	objectVersion = 50;
	objects = {

/* Begin PBXBuildFile section */
		7D14ADB62082328D007C17DA /* Zip.framework in Frameworks */ = {isa = PBXBuildFile; fileRef = 7D14ADB52082328D007C17DA /* Zip.framework */; };
		7D14ADB82082337B007C17DA /* samples in Resources */ = {isa = PBXBuildFile; fileRef = 7D14ADB72082337B007C17DA /* samples */; };
		7D3E0764207A08B500EF3F00 /* AppDelegate.swift in Sources */ = {isa = PBXBuildFile; fileRef = 7D3E0763207A08B500EF3F00 /* AppDelegate.swift */; };
		7D3E0766207A08B500EF3F00 /* MapViewController.swift in Sources */ = {isa = PBXBuildFile; fileRef = 7D3E0765207A08B500EF3F00 /* MapViewController.swift */; };
		7D3E0769207A08B500EF3F00 /* Main.storyboard in Resources */ = {isa = PBXBuildFile; fileRef = 7D3E0767207A08B500EF3F00 /* Main.storyboard */; };
		7D3E076B207A08B600EF3F00 /* Assets.xcassets in Resources */ = {isa = PBXBuildFile; fileRef = 7D3E076A207A08B600EF3F00 /* Assets.xcassets */; };
		7D3E076E207A08B600EF3F00 /* LaunchScreen.storyboard in Resources */ = {isa = PBXBuildFile; fileRef = 7D3E076C207A08B600EF3F00 /* LaunchScreen.storyboard */; };
		7D3E0779207A096A00EF3F00 /* CoreLocation.framework in Frameworks */ = {isa = PBXBuildFile; fileRef = 7D3E0778207A096A00EF3F00 /* CoreLocation.framework */; };
		7D51CAD02081F5B4007465BE /* FileController.swift in Sources */ = {isa = PBXBuildFile; fileRef = 7D51CACF2081F5B4007465BE /* FileController.swift */; };
		7D51CAD32081F73D007465BE /* GTFile.swift in Sources */ = {isa = PBXBuildFile; fileRef = 7D51CAD22081F73D007465BE /* GTFile.swift */; };
		7DA532F9208B4AA4000CF90A /* TCXParser.swift in Sources */ = {isa = PBXBuildFile; fileRef = 7DA532F8208B4AA4000CF90A /* TCXParser.swift */; };
		7DA532FB208B4F30000CF90A /* KMLParser.swift in Sources */ = {isa = PBXBuildFile; fileRef = 7DA532FA208B4F30000CF90A /* KMLParser.swift */; };
		7DA532FD208B5784000CF90A /* KMZParser.swift in Sources */ = {isa = PBXBuildFile; fileRef = 7DA532FC208B5784000CF90A /* KMZParser.swift */; };
		7DC69015207A16D800447E9B /* PKHUD.framework in Frameworks */ = {isa = PBXBuildFile; fileRef = 7DC69013207A16D800447E9B /* PKHUD.framework */; };
		7DC69016207A16D800447E9B /* Kanna.framework in Frameworks */ = {isa = PBXBuildFile; fileRef = 7DC69014207A16D800447E9B /* Kanna.framework */; };
		7DC69019207A245F00447E9B /* FileListViewController.swift in Sources */ = {isa = PBXBuildFile; fileRef = 7DC69018207A245F00447E9B /* FileListViewController.swift */; };
		7DC6901B207A2FCC00447E9B /* Const.swift in Sources */ = {isa = PBXBuildFile; fileRef = 7DC6901A207A2FCC00447E9B /* Const.swift */; };
		7DD0243120833294000A465F /* ParserController.swift in Sources */ = {isa = PBXBuildFile; fileRef = 7DD0243020833294000A465F /* ParserController.swift */; };
		7DD0243320833DF1000A465F /* GTPin.swift in Sources */ = {isa = PBXBuildFile; fileRef = 7DD0243220833DF1000A465F /* GTPin.swift */; };
		7DD0243520833F00000A465F /* GTPolyline.swift in Sources */ = {isa = PBXBuildFile; fileRef = 7DD0243420833F00000A465F /* GTPolyline.swift */; };
		7DD024392083436C000A465F /* GPXParser.swift in Sources */ = {isa = PBXBuildFile; fileRef = 7DD024382083436C000A465F /* GPXParser.swift */; };
		7DD0243B20834391000A465F /* GTLine.swift in Sources */ = {isa = PBXBuildFile; fileRef = 7DD0243A20834391000A465F /* GTLine.swift */; };
		7DD0243D20834456000A465F /* BaseParser.swift in Sources */ = {isa = PBXBuildFile; fileRef = 7DD0243C20834456000A465F /* BaseParser.swift */; };
/* End PBXBuildFile section */

/* Begin PBXFileReference section */
		7D14ADB52082328D007C17DA /* Zip.framework */ = {isa = PBXFileReference; lastKnownFileType = wrapper.framework; name = Zip.framework; path = Carthage/Build/iOS/Zip.framework; sourceTree = "<group>"; };
		7D14ADB72082337B007C17DA /* samples */ = {isa = PBXFileReference; lastKnownFileType = folder; name = samples; path = ../../samples; sourceTree = "<group>"; };
		7D3E0760207A08B500EF3F00 /* GPXTracker.app */ = {isa = PBXFileReference; explicitFileType = wrapper.application; includeInIndex = 0; path = GPXTracker.app; sourceTree = BUILT_PRODUCTS_DIR; };
		7D3E0763207A08B500EF3F00 /* AppDelegate.swift */ = {isa = PBXFileReference; lastKnownFileType = sourcecode.swift; path = AppDelegate.swift; sourceTree = "<group>"; };
		7D3E0765207A08B500EF3F00 /* MapViewController.swift */ = {isa = PBXFileReference; lastKnownFileType = sourcecode.swift; path = MapViewController.swift; sourceTree = "<group>"; };
		7D3E0768207A08B500EF3F00 /* Base */ = {isa = PBXFileReference; lastKnownFileType = file.storyboard; name = Base; path = Base.lproj/Main.storyboard; sourceTree = "<group>"; };
		7D3E076A207A08B600EF3F00 /* Assets.xcassets */ = {isa = PBXFileReference; lastKnownFileType = folder.assetcatalog; path = Assets.xcassets; sourceTree = "<group>"; };
		7D3E076D207A08B600EF3F00 /* Base */ = {isa = PBXFileReference; lastKnownFileType = file.storyboard; name = Base; path = Base.lproj/LaunchScreen.storyboard; sourceTree = "<group>"; };
		7D3E076F207A08B600EF3F00 /* Info.plist */ = {isa = PBXFileReference; lastKnownFileType = text.plist.xml; path = Info.plist; sourceTree = "<group>"; };
		7D3E0778207A096A00EF3F00 /* CoreLocation.framework */ = {isa = PBXFileReference; lastKnownFileType = wrapper.framework; name = CoreLocation.framework; path = System/Library/Frameworks/CoreLocation.framework; sourceTree = SDKROOT; };
		7D51CACF2081F5B4007465BE /* FileController.swift */ = {isa = PBXFileReference; lastKnownFileType = sourcecode.swift; path = FileController.swift; sourceTree = "<group>"; };
		7D51CAD22081F73D007465BE /* GTFile.swift */ = {isa = PBXFileReference; lastKnownFileType = sourcecode.swift; path = GTFile.swift; sourceTree = "<group>"; };
		7DA532F8208B4AA4000CF90A /* TCXParser.swift */ = {isa = PBXFileReference; lastKnownFileType = sourcecode.swift; path = TCXParser.swift; sourceTree = "<group>"; };
		7DA532FA208B4F30000CF90A /* KMLParser.swift */ = {isa = PBXFileReference; lastKnownFileType = sourcecode.swift; path = KMLParser.swift; sourceTree = "<group>"; };
		7DA532FC208B5784000CF90A /* KMZParser.swift */ = {isa = PBXFileReference; lastKnownFileType = sourcecode.swift; path = KMZParser.swift; sourceTree = "<group>"; };
		7DC69013207A16D800447E9B /* PKHUD.framework */ = {isa = PBXFileReference; lastKnownFileType = wrapper.framework; name = PKHUD.framework; path = Carthage/Build/iOS/PKHUD.framework; sourceTree = "<group>"; };
		7DC69014207A16D800447E9B /* Kanna.framework */ = {isa = PBXFileReference; lastKnownFileType = wrapper.framework; name = Kanna.framework; path = Carthage/Build/iOS/Kanna.framework; sourceTree = "<group>"; };
		7DC69018207A245F00447E9B /* FileListViewController.swift */ = {isa = PBXFileReference; lastKnownFileType = sourcecode.swift; path = FileListViewController.swift; sourceTree = "<group>"; };
		7DC6901A207A2FCC00447E9B /* Const.swift */ = {isa = PBXFileReference; lastKnownFileType = sourcecode.swift; path = Const.swift; sourceTree = "<group>"; };
		7DD0243020833294000A465F /* ParserController.swift */ = {isa = PBXFileReference; lastKnownFileType = sourcecode.swift; path = ParserController.swift; sourceTree = "<group>"; };
		7DD0243220833DF1000A465F /* GTPin.swift */ = {isa = PBXFileReference; lastKnownFileType = sourcecode.swift; path = GTPin.swift; sourceTree = "<group>"; };
		7DD0243420833F00000A465F /* GTPolyline.swift */ = {isa = PBXFileReference; lastKnownFileType = sourcecode.swift; path = GTPolyline.swift; sourceTree = "<group>"; };
		7DD024382083436C000A465F /* GPXParser.swift */ = {isa = PBXFileReference; lastKnownFileType = sourcecode.swift; path = GPXParser.swift; sourceTree = "<group>"; };
		7DD0243A20834391000A465F /* GTLine.swift */ = {isa = PBXFileReference; lastKnownFileType = sourcecode.swift; path = GTLine.swift; sourceTree = "<group>"; };
		7DD0243C20834456000A465F /* BaseParser.swift */ = {isa = PBXFileReference; lastKnownFileType = sourcecode.swift; path = BaseParser.swift; sourceTree = "<group>"; };
/* End PBXFileReference section */

/* Begin PBXFrameworksBuildPhase section */
		7D3E075D207A08B500EF3F00 /* Frameworks */ = {
			isa = PBXFrameworksBuildPhase;
			buildActionMask = 2147483647;
			files = (
				7D3E0779207A096A00EF3F00 /* CoreLocation.framework in Frameworks */,
				7DC69015207A16D800447E9B /* PKHUD.framework in Frameworks */,
				7DC69016207A16D800447E9B /* Kanna.framework in Frameworks */,
				7D14ADB62082328D007C17DA /* Zip.framework in Frameworks */,
			);
			runOnlyForDeploymentPostprocessing = 0;
		};
/* End PBXFrameworksBuildPhase section */

/* Begin PBXGroup section */
		7D3E0757207A08B500EF3F00 = {
			isa = PBXGroup;
			children = (
				7D3E0762207A08B500EF3F00 /* GPXTracker */,
				7D3E0761207A08B500EF3F00 /* Products */,
				7D3E0775207A096300EF3F00 /* Frameworks */,
			);
			sourceTree = "<group>";
		};
		7D3E0761207A08B500EF3F00 /* Products */ = {
			isa = PBXGroup;
			children = (
				7D3E0760207A08B500EF3F00 /* GPXTracker.app */,
			);
			name = Products;
			sourceTree = "<group>";
		};
		7D3E0762207A08B500EF3F00 /* GPXTracker */ = {
			isa = PBXGroup;
			children = (
				7D14ADB72082337B007C17DA /* samples */,
				7D51CAD12081F72F007465BE /* models */,
				7DD0242F20833253000A465F /* parsers */,
				7D3E0763207A08B500EF3F00 /* AppDelegate.swift */,
				7D3E0765207A08B500EF3F00 /* MapViewController.swift */,
				7DC69018207A245F00447E9B /* FileListViewController.swift */,
				7D51CACF2081F5B4007465BE /* FileController.swift */,
				7DC6901A207A2FCC00447E9B /* Const.swift */,
				7D3E0767207A08B500EF3F00 /* Main.storyboard */,
				7D3E076A207A08B600EF3F00 /* Assets.xcassets */,
				7D3E076C207A08B600EF3F00 /* LaunchScreen.storyboard */,
				7D3E076F207A08B600EF3F00 /* Info.plist */,
			);
			path = GPXTracker;
			sourceTree = "<group>";
		};
		7D3E0775207A096300EF3F00 /* Frameworks */ = {
			isa = PBXGroup;
			children = (
				7D14ADB52082328D007C17DA /* Zip.framework */,
				7DC69014207A16D800447E9B /* Kanna.framework */,
				7DC69013207A16D800447E9B /* PKHUD.framework */,
				7D3E0778207A096A00EF3F00 /* CoreLocation.framework */,
			);
			name = Frameworks;
			sourceTree = "<group>";
		};
		7D51CAD12081F72F007465BE /* models */ = {
			isa = PBXGroup;
			children = (
				7D51CAD22081F73D007465BE /* GTFile.swift */,
				7DD0243A20834391000A465F /* GTLine.swift */,
				7DD0243220833DF1000A465F /* GTPin.swift */,
				7DD0243420833F00000A465F /* GTPolyline.swift */,
			);
			path = models;
			sourceTree = "<group>";
		};
		7DD0242F20833253000A465F /* parsers */ = {
			isa = PBXGroup;
			children = (
				7DD0243020833294000A465F /* ParserController.swift */,
				7DD0243C20834456000A465F /* BaseParser.swift */,
				7DD024382083436C000A465F /* GPXParser.swift */,
				7DA532F8208B4AA4000CF90A /* TCXParser.swift */,
				7DA532FA208B4F30000CF90A /* KMLParser.swift */,
				7DA532FC208B5784000CF90A /* KMZParser.swift */,
			);
			path = parsers;
			sourceTree = "<group>";
		};
/* End PBXGroup section */

/* Begin PBXNativeTarget section */
		7D3E075F207A08B500EF3F00 /* GPXTracker */ = {
			isa = PBXNativeTarget;
			buildConfigurationList = 7D3E0772207A08B600EF3F00 /* Build configuration list for PBXNativeTarget "GPXTracker" */;
			buildPhases = (
				7D3E075C207A08B500EF3F00 /* Sources */,
				7D3E075D207A08B500EF3F00 /* Frameworks */,
				7D3E075E207A08B500EF3F00 /* Resources */,
				7DC69017207A178F00447E9B /* ShellScript */,
			);
			buildRules = (
			);
			dependencies = (
			);
			name = GPXTracker;
			productName = GPXTracker3;
			productReference = 7D3E0760207A08B500EF3F00 /* GPXTracker.app */;
			productType = "com.apple.product-type.application";
		};
/* End PBXNativeTarget section */

/* Begin PBXProject section */
		7D3E0758207A08B500EF3F00 /* Project object */ = {
			isa = PBXProject;
			attributes = {
				LastSwiftUpdateCheck = 0930;
				LastUpgradeCheck = 0930;
				ORGANIZATIONNAME = susemi99;
				TargetAttributes = {
					7D3E075F207A08B500EF3F00 = {
						CreatedOnToolsVersion = 9.3;
						LastSwiftMigration = 1000;
						SystemCapabilities = {
							com.apple.Maps.iOS = {
								enabled = 0;
							};
						};
					};
				};
			};
			buildConfigurationList = 7D3E075B207A08B500EF3F00 /* Build configuration list for PBXProject "GPXTracker" */;
			compatibilityVersion = "Xcode 9.3";
			developmentRegion = en;
			hasScannedForEncodings = 0;
			knownRegions = (
				en,
				Base,
			);
			mainGroup = 7D3E0757207A08B500EF3F00;
			productRefGroup = 7D3E0761207A08B500EF3F00 /* Products */;
			projectDirPath = "";
			projectRoot = "";
			targets = (
				7D3E075F207A08B500EF3F00 /* GPXTracker */,
			);
		};
/* End PBXProject section */

/* Begin PBXResourcesBuildPhase section */
		7D3E075E207A08B500EF3F00 /* Resources */ = {
			isa = PBXResourcesBuildPhase;
			buildActionMask = 2147483647;
			files = (
				7D14ADB82082337B007C17DA /* samples in Resources */,
				7D3E076E207A08B600EF3F00 /* LaunchScreen.storyboard in Resources */,
				7D3E076B207A08B600EF3F00 /* Assets.xcassets in Resources */,
				7D3E0769207A08B500EF3F00 /* Main.storyboard in Resources */,
			);
			runOnlyForDeploymentPostprocessing = 0;
		};
/* End PBXResourcesBuildPhase section */

/* Begin PBXShellScriptBuildPhase section */
		7DC69017207A178F00447E9B /* ShellScript */ = {
			isa = PBXShellScriptBuildPhase;
			buildActionMask = 2147483647;
			files = (
			);
			inputPaths = (
				"$(SRCROOT)/Carthage/Build/iOS/Kanna.framework",
				"$(SRCROOT)/Carthage/Build/iOS/PKHUD.framework",
				"$(SRCROOT)/Carthage/Build/iOS/Zip.framework",
			);
			outputPaths = (
			);
			runOnlyForDeploymentPostprocessing = 0;
			shellPath = /bin/sh;
			shellScript = "/usr/local/bin/carthage copy-frameworks";
		};
/* End PBXShellScriptBuildPhase section */

/* Begin PBXSourcesBuildPhase section */
		7D3E075C207A08B500EF3F00 /* Sources */ = {
			isa = PBXSourcesBuildPhase;
			buildActionMask = 2147483647;
			files = (
				7DD0243320833DF1000A465F /* GTPin.swift in Sources */,
				7D3E0766207A08B500EF3F00 /* MapViewController.swift in Sources */,
				7DD024392083436C000A465F /* GPXParser.swift in Sources */,
				7DA532FB208B4F30000CF90A /* KMLParser.swift in Sources */,
				7D51CAD32081F73D007465BE /* GTFile.swift in Sources */,
				7DC6901B207A2FCC00447E9B /* Const.swift in Sources */,
				7D3E0764207A08B500EF3F00 /* AppDelegate.swift in Sources */,
				7D51CAD02081F5B4007465BE /* FileController.swift in Sources */,
				7DA532F9208B4AA4000CF90A /* TCXParser.swift in Sources */,
				7DD0243D20834456000A465F /* BaseParser.swift in Sources */,
				7DD0243B20834391000A465F /* GTLine.swift in Sources */,
				7DD0243520833F00000A465F /* GTPolyline.swift in Sources */,
				7DC69019207A245F00447E9B /* FileListViewController.swift in Sources */,
				7DD0243120833294000A465F /* ParserController.swift in Sources */,
				7DA532FD208B5784000CF90A /* KMZParser.swift in Sources */,
			);
			runOnlyForDeploymentPostprocessing = 0;
		};
/* End PBXSourcesBuildPhase section */

/* Begin PBXVariantGroup section */
		7D3E0767207A08B500EF3F00 /* Main.storyboard */ = {
			isa = PBXVariantGroup;
			children = (
				7D3E0768207A08B500EF3F00 /* Base */,
			);
			name = Main.storyboard;
			sourceTree = "<group>";
		};
		7D3E076C207A08B600EF3F00 /* LaunchScreen.storyboard */ = {
			isa = PBXVariantGroup;
			children = (
				7D3E076D207A08B600EF3F00 /* Base */,
			);
			name = LaunchScreen.storyboard;
			sourceTree = "<group>";
		};
/* End PBXVariantGroup section */

/* Begin XCBuildConfiguration section */
		7D3E0770207A08B600EF3F00 /* Debug */ = {
			isa = XCBuildConfiguration;
			buildSettings = {
				ALWAYS_SEARCH_USER_PATHS = NO;
				CLANG_ANALYZER_NONNULL = YES;
				CLANG_ANALYZER_NUMBER_OBJECT_CONVERSION = YES_AGGRESSIVE;
				CLANG_CXX_LANGUAGE_STANDARD = "gnu++14";
				CLANG_CXX_LIBRARY = "libc++";
				CLANG_ENABLE_MODULES = YES;
				CLANG_ENABLE_OBJC_ARC = YES;
				CLANG_ENABLE_OBJC_WEAK = YES;
				CLANG_WARN_BLOCK_CAPTURE_AUTORELEASING = YES;
				CLANG_WARN_BOOL_CONVERSION = YES;
				CLANG_WARN_COMMA = YES;
				CLANG_WARN_CONSTANT_CONVERSION = YES;
				CLANG_WARN_DEPRECATED_OBJC_IMPLEMENTATIONS = YES;
				CLANG_WARN_DIRECT_OBJC_ISA_USAGE = YES_ERROR;
				CLANG_WARN_DOCUMENTATION_COMMENTS = YES;
				CLANG_WARN_EMPTY_BODY = YES;
				CLANG_WARN_ENUM_CONVERSION = YES;
				CLANG_WARN_INFINITE_RECURSION = YES;
				CLANG_WARN_INT_CONVERSION = YES;
				CLANG_WARN_NON_LITERAL_NULL_CONVERSION = YES;
				CLANG_WARN_OBJC_IMPLICIT_RETAIN_SELF = YES;
				CLANG_WARN_OBJC_LITERAL_CONVERSION = YES;
				CLANG_WARN_OBJC_ROOT_CLASS = YES_ERROR;
				CLANG_WARN_RANGE_LOOP_ANALYSIS = YES;
				CLANG_WARN_STRICT_PROTOTYPES = YES;
				CLANG_WARN_SUSPICIOUS_MOVE = YES;
				CLANG_WARN_UNGUARDED_AVAILABILITY = YES_AGGRESSIVE;
				CLANG_WARN_UNREACHABLE_CODE = YES;
				CLANG_WARN__DUPLICATE_METHOD_MATCH = YES;
				CODE_SIGN_IDENTITY = "iPhone Developer";
				COPY_PHASE_STRIP = NO;
				DEBUG_INFORMATION_FORMAT = dwarf;
				ENABLE_STRICT_OBJC_MSGSEND = YES;
				ENABLE_TESTABILITY = YES;
				GCC_C_LANGUAGE_STANDARD = gnu11;
				GCC_DYNAMIC_NO_PIC = NO;
				GCC_NO_COMMON_BLOCKS = YES;
				GCC_OPTIMIZATION_LEVEL = 0;
				GCC_PREPROCESSOR_DEFINITIONS = (
					"DEBUG=1",
					"$(inherited)",
				);
				GCC_WARN_64_TO_32_BIT_CONVERSION = YES;
				GCC_WARN_ABOUT_RETURN_TYPE = YES_ERROR;
				GCC_WARN_UNDECLARED_SELECTOR = YES;
				GCC_WARN_UNINITIALIZED_AUTOS = YES_AGGRESSIVE;
				GCC_WARN_UNUSED_FUNCTION = YES;
				GCC_WARN_UNUSED_VARIABLE = YES;
				HEADER_SEARCH_PATHS = "$(SDKROOT)/usr/include/libxml2";
				IPHONEOS_DEPLOYMENT_TARGET = 11.3;
				MTL_ENABLE_DEBUG_INFO = YES;
				ONLY_ACTIVE_ARCH = YES;
				SDKROOT = iphoneos;
				SWIFT_ACTIVE_COMPILATION_CONDITIONS = DEBUG;
				SWIFT_OPTIMIZATION_LEVEL = "-Onone";
			};
			name = Debug;
		};
		7D3E0771207A08B600EF3F00 /* Release */ = {
			isa = XCBuildConfiguration;
			buildSettings = {
				ALWAYS_SEARCH_USER_PATHS = NO;
				CLANG_ANALYZER_NONNULL = YES;
				CLANG_ANALYZER_NUMBER_OBJECT_CONVERSION = YES_AGGRESSIVE;
				CLANG_CXX_LANGUAGE_STANDARD = "gnu++14";
				CLANG_CXX_LIBRARY = "libc++";
				CLANG_ENABLE_MODULES = YES;
				CLANG_ENABLE_OBJC_ARC = YES;
				CLANG_ENABLE_OBJC_WEAK = YES;
				CLANG_WARN_BLOCK_CAPTURE_AUTORELEASING = YES;
				CLANG_WARN_BOOL_CONVERSION = YES;
				CLANG_WARN_COMMA = YES;
				CLANG_WARN_CONSTANT_CONVERSION = YES;
				CLANG_WARN_DEPRECATED_OBJC_IMPLEMENTATIONS = YES;
				CLANG_WARN_DIRECT_OBJC_ISA_USAGE = YES_ERROR;
				CLANG_WARN_DOCUMENTATION_COMMENTS = YES;
				CLANG_WARN_EMPTY_BODY = YES;
				CLANG_WARN_ENUM_CONVERSION = YES;
				CLANG_WARN_INFINITE_RECURSION = YES;
				CLANG_WARN_INT_CONVERSION = YES;
				CLANG_WARN_NON_LITERAL_NULL_CONVERSION = YES;
				CLANG_WARN_OBJC_IMPLICIT_RETAIN_SELF = YES;
				CLANG_WARN_OBJC_LITERAL_CONVERSION = YES;
				CLANG_WARN_OBJC_ROOT_CLASS = YES_ERROR;
				CLANG_WARN_RANGE_LOOP_ANALYSIS = YES;
				CLANG_WARN_STRICT_PROTOTYPES = YES;
				CLANG_WARN_SUSPICIOUS_MOVE = YES;
				CLANG_WARN_UNGUARDED_AVAILABILITY = YES_AGGRESSIVE;
				CLANG_WARN_UNREACHABLE_CODE = YES;
				CLANG_WARN__DUPLICATE_METHOD_MATCH = YES;
				CODE_SIGN_IDENTITY = "iPhone Developer";
				COPY_PHASE_STRIP = NO;
				DEBUG_INFORMATION_FORMAT = "dwarf-with-dsym";
				ENABLE_NS_ASSERTIONS = NO;
				ENABLE_STRICT_OBJC_MSGSEND = YES;
				GCC_C_LANGUAGE_STANDARD = gnu11;
				GCC_NO_COMMON_BLOCKS = YES;
				GCC_WARN_64_TO_32_BIT_CONVERSION = YES;
				GCC_WARN_ABOUT_RETURN_TYPE = YES_ERROR;
				GCC_WARN_UNDECLARED_SELECTOR = YES;
				GCC_WARN_UNINITIALIZED_AUTOS = YES_AGGRESSIVE;
				GCC_WARN_UNUSED_FUNCTION = YES;
				GCC_WARN_UNUSED_VARIABLE = YES;
				HEADER_SEARCH_PATHS = "$(SDKROOT)/usr/include/libxml2";
				IPHONEOS_DEPLOYMENT_TARGET = 11.3;
				MTL_ENABLE_DEBUG_INFO = NO;
				SDKROOT = iphoneos;
				SWIFT_COMPILATION_MODE = wholemodule;
				SWIFT_OPTIMIZATION_LEVEL = "-O";
				VALIDATE_PRODUCT = YES;
			};
			name = Release;
		};
		7D3E0773207A08B600EF3F00 /* Debug */ = {
			isa = XCBuildConfiguration;
			buildSettings = {
				ASSETCATALOG_COMPILER_APPICON_NAME = AppIcon;
				CODE_SIGN_STYLE = Automatic;
				DEVELOPMENT_TEAM = 37DX6YRT9T;
				FRAMEWORK_SEARCH_PATHS = (
					"$(inherited)",
					"$(PROJECT_DIR)/Carthage/Build/iOS",
				);
				INFOPLIST_FILE = "$(SRCROOT)/GPXTracker/Info.plist";
				IPHONEOS_DEPLOYMENT_TARGET = 12.0;
				LD_RUNPATH_SEARCH_PATHS = (
					"$(inherited)",
					"@executable_path/Frameworks",
				);
				PRODUCT_BUNDLE_IDENTIFIER = net.chocobi.GPXiPhone;
				PRODUCT_NAME = "$(TARGET_NAME)";
				SWIFT_VERSION = 4.2;
				TARGETED_DEVICE_FAMILY = "1,2";
			};
			name = Debug;
		};
		7D3E0774207A08B600EF3F00 /* Release */ = {
			isa = XCBuildConfiguration;
			buildSettings = {
				ASSETCATALOG_COMPILER_APPICON_NAME = AppIcon;
				CODE_SIGN_STYLE = Automatic;
				DEVELOPMENT_TEAM = 37DX6YRT9T;
				FRAMEWORK_SEARCH_PATHS = (
					"$(inherited)",
					"$(PROJECT_DIR)/Carthage/Build/iOS",
				);
				INFOPLIST_FILE = "$(SRCROOT)/GPXTracker/Info.plist";
				IPHONEOS_DEPLOYMENT_TARGET = 12.0;
				LD_RUNPATH_SEARCH_PATHS = (
					"$(inherited)",
					"@executable_path/Frameworks",
				);
				PRODUCT_BUNDLE_IDENTIFIER = net.chocobi.GPXiPhone;
				PRODUCT_NAME = "$(TARGET_NAME)";
				SWIFT_VERSION = 4.2;
				TARGETED_DEVICE_FAMILY = "1,2";
			};
			name = Release;
		};
/* End XCBuildConfiguration section */

/* Begin XCConfigurationList section */
		7D3E075B207A08B500EF3F00 /* Build configuration list for PBXProject "GPXTracker" */ = {
			isa = XCConfigurationList;
			buildConfigurations = (
				7D3E0770207A08B600EF3F00 /* Debug */,
				7D3E0771207A08B600EF3F00 /* Release */,
			);
			defaultConfigurationIsVisible = 0;
			defaultConfigurationName = Release;
		};
		7D3E0772207A08B600EF3F00 /* Build configuration list for PBXNativeTarget "GPXTracker" */ = {
			isa = XCConfigurationList;
			buildConfigurations = (
				7D3E0773207A08B600EF3F00 /* Debug */,
				7D3E0774207A08B600EF3F00 /* Release */,
			);
			defaultConfigurationIsVisible = 0;
			defaultConfigurationName = Release;
		};
/* End XCConfigurationList section */
	};
	rootObject = 7D3E0758207A08B500EF3F00 /* Project object */;
}
